{
  "version": 4,
  "terraform_version": "1.5.6",
  "serial": 50,
  "lineage": "24a50138-a2c3-29b7-7a6a-ddd3740fc6a9",
  "outputs": {
    "lb_url": {
      "value": "http://tf-lb-20230903050809550500000001-1155208775.ap-southeast-2.elb.amazonaws.com",
      "type": "string"
    }
  },
  "resources": [
    {
      "mode": "data",
      "type": "aws_arn",
      "name": "this",
      "provider": "provider[\"registry.terraform.io/hashicorp/aws\"]",
      "instances": [
        {
          "schema_version": 0,
          "attributes": {
            "account": "291208963174",
            "arn": "arn:aws:ecs:ap-southeast-2:291208963174:service/example-terraform-ecs-cluster/example-terraform-ecs-service",
            "id": "arn:aws:ecs:ap-southeast-2:291208963174:service/example-terraform-ecs-cluster/example-terraform-ecs-service",
            "partition": "aws",
            "region": "ap-southeast-2",
            "resource": "service/example-terraform-ecs-cluster/example-terraform-ecs-service",
            "service": "ecs"
          },
          "sensitive_attributes": []
        }
      ]
    },
    {
      "mode": "data",
      "type": "aws_availability_zones",
      "name": "available",
      "provider": "provider[\"registry.terraform.io/hashicorp/aws\"]",
      "instances": [
        {
          "schema_version": 0,
          "attributes": {
            "all_availability_zones": null,
            "exclude_names": null,
            "exclude_zone_ids": null,
            "filter": null,
            "group_names": [
              "ap-southeast-2"
            ],
            "id": "ap-southeast-2",
            "names": [
              "ap-southeast-2a",
              "ap-southeast-2b",
              "ap-southeast-2c"
            ],
            "state": "available",
            "timeouts": null,
            "zone_ids": [
              "apse2-az1",
              "apse2-az3",
              "apse2-az2"
            ]
          },
          "sensitive_attributes": []
        }
      ]
    },
    {
      "mode": "data",
      "type": "aws_caller_identity",
      "name": "this",
      "provider": "provider[\"registry.terraform.io/hashicorp/aws\"]",
      "instances": [
        {
          "schema_version": 0,
          "attributes": {
            "account_id": "291208963174",
            "arn": "arn:aws:iam::291208963174:user/azdigital-app-dev",
            "id": "291208963174",
            "user_id": "AIDAUHTLIERTCVZFIWX5H"
          },
          "sensitive_attributes": []
        }
      ]
    },
    {
      "mode": "data",
      "type": "aws_ecr_authorization_token",
      "name": "this",
      "provider": "provider[\"registry.terraform.io/hashicorp/aws\"]",
      "instances": [
        {
          "schema_version": 0,
          "attributes": {
            "authorization_token": "QVdTOmV5SndZWGxzYjJGa0lqb2llWEk0YlRoTkwydHBMMUpUV1ZZMGVUVlFZbm81TDNsU2NqWnRPRmhTVlZJeVpGRkNaVzFQU1VSYWRYcFBWazRyVGtwNGNFbFFUbFpQUTJkRFN6aHhjMW80Y1VvclRHcG1VR05yVlc1TVMxTllSbWRsU2xad04yZGFNMDkyUjNob1RrdFJRakpNYkdsR1QzTnVPRTU1Ym1aTVZHNDRhRGMxVkZVNUwwOWlLMXBIVm01V09XUmpOakZqVERWR1QwRlVUbVpNU0VodlR6UjZSMFYzWWxocmJFaHRlSEZPTkRWWVdFTTFiMGMzTW1vNFdYa3JhU3R6Wm1kbFpDdExiVk0yVkZWUmIzSnJSa05KTkRKUE5pdDZWRmd4UTFVMVREazVMMFZIZVRsYU5IVkxNako1S3pobFdqRlZSbXhZSzBzeE4zaFpaSEJWV0dFdlZsRTVOVmw1UVhSaGEyUnlOWFZ3TmpsTFdEbG9aazE0V2paM01XRjJWRXAwUkZKNlJtdERNM3BTUmxGclRHOW9PVFpoU1ZoTVozcFFPV04yYldObGRXRXdkVEZ5TjFwMmRWZEZORzFGTjNRNWEycDBNMmR2UWpKeFZEaEljRVpvVTJZclJsUmxNazltU2xsRU4xaGxNa1ZPVWk5UVZFWjFlbk5RT1dwbmMzRTBOR1EyU2xSYVFUaGpSekZtWVVwRGRVVlZVRTk0YkRreU0yVXhkSGxOVUZFNVNtZGxhRUZSTURoTlozQlZTbGQ1YW5oWVkzRnlVMjhyY0dOYVNHVmlPRWN3ZFcxRmFYaEpiMXB6YzJkb1NYTnFXbFJ5TW5CeFMzb3JWbGg1TldveU5rOXlhRzVQZVVsS1owVnJZVWxxV1UxdE0wZG9jMG8xVDNWSVQxVk9kR0U1UW10SVNsRnpiMnBaZVU1dU1DOWtWRE0ySzBwUk5VUkhiVVpHTWpGWVQzaG1WMlZNZW1SU1ZUWnZXbTFxU0dKM1pHZDZRemxrVW5Zd1lXczNkR2wwU1hkR2VrSldVaXRKUTFSNGJVaG5OVE5aZUcxWFExaE9RbkJJYTNaMlJFNDJRMlJGYlZsRWVVYzBjRlZsUlU1UE0xZFNiMG8yUkZSTFNVMDFZbGd3U1ZKUFRXWlZhbEJzYTB0NVFraGljMk56YjAxb1VXdHZTbVpOVW5VdmFuWkdOVVY2T1ZaWk5uTldUSG94WlU4ek5sSlVhVVV4ZHpFclVFNVJSR2N2SzFSb2FWcElUMEpqZW5GYWNHTjVSekp2WVd0NlJWTnNTRVY0VjA5TWQxQXpWREJuWldaQlZGUmhjVWREZWxKU2FYbHRTVzlaSzNNdlUxSnVLMWxQWjJ4eWEwNDJUbmRFVm1WeUt6TXZNMjkwVFhRMUwwaFJWbFpGVURscVkycHpaVk01Y0hWQmNuaDFUVWRSWkhCdVdrTjZaMGh1WkVZeWJFVlBWMVJCV1VkR01rZGlTVEozVkhCTWNWQlhUbHAySzFsWE5VdDFPQ3R6VWs5a1pFUnFaVlUxWm10eFpHUlBha2RGVEdsSU1rWTRRM05SY1hKU1R6WTRMM3BQY2pKTE1EUlVaRWMwZVdOSVdrWnBRbXhyTVM5SVFVdFBlRVY0UzJGeGR6Rk5ZMDlvZFhGUGVUWnhiR3hMVVN0UFlXSnljVVJoVVdsRGJ6SklObVpGVEZSdlVrUjFOMGxaY0VaVVUyTXhkVzl4TWtRNFVHbFpjM2xNYXpaWFlWUnhhMXBVTTJVNGIzaFFWaXN5ZGxwTlYyVmtVVXd5VkcxUVQxUmhSRVJ2VGl0TWJVODVVa0pOZG1GRlREZHFabkpvZG1oQmJuSkVhMlE0UTBJeGJGaHFPV28wTkhWalpVbG1kRVoyY2xJeVJVb3pWVDBpTENKa1lYUmhhMlY1SWpvaVFWRkZRa0ZJYUV4NWFubzNVRXBGVUcxWlluRklOa0UyWmk5M1YwNTZlWG8xUWt0aE16ZENia0pRYzBGNWRVWXhTMUZCUVVGSU5IZG1RVmxLUzI5YVNXaDJZMDVCVVdOSGIwYzRkMkpSU1VKQlJFSnZRbWRyY1docmFVYzVkekJDUW5kRmQwaG5XVXBaU1ZwSlFWZFZSRUpCUlhWTlFrVkZSRWd6Ympkb0sxRkpTbE5FTm1STFYxaFJTVUpGU1VFM2Ftc3JhVTFpY1ZwNVlUTkZUVlF2ZVd0cFFXaEZVWFJMZVVsaU1IaFJTbXhOVG5CWWNrdG9hbVUxZDBKdVEwZGpUVFZJZVhwdU1GbDBTRzltVW1kTUwwMW9ObXM1YjJoUk4wSXpWbXMzVFQwaUxDSjJaWEp6YVc5dUlqb2lNaUlzSW5SNWNHVWlPaUpFUVZSQlgwdEZXU0lzSW1WNGNHbHlZWFJwYjI0aU9qRTJPVE0zTmpBNE9EVjk=",
            "expires_at": "2023-09-03T17:08:05Z",
            "id": "ap-southeast-2",
            "password": "eyJwYXlsb2FkIjoieXI4bThNL2tpL1JTWVY0eTVQYno5L3lScjZtOFhSVVIyZFFCZW1PSURadXpPVk4rTkp4cElQTlZPQ2dDSzhxc1o4cUorTGpmUGNrVW5MS1NYRmdlSlZwN2daM092R3hoTktRQjJMbGlGT3NuOE55bmZMVG44aDc1VFU5L09iK1pHVm5WOWRjNjFjTDVGT0FUTmZMSEhvTzR6R0V3YlhrbEhteHFONDVYWEM1b0c3Mmo4WXkraStzZmdlZCtLbVM2VFVRb3JrRkNJNDJPNit6VFgxQ1U1TDk5L0VHeTlaNHVLMjJ5KzhlWjFVRmxYK0sxN3hZZHBVWGEvVlE5NVl5QXRha2RyNXVwNjlLWDloZk14WjZ3MWF2VEp0RFJ6RmtDM3pSRlFrTG9oOTZhSVhMZ3pQOWN2bWNldWEwdTFyN1p2dVdFNG1FN3Q5a2p0M2dvQjJxVDhIcEZoU2YrRlRlMk9mSllEN1hlMkVOUi9QVEZ1enNQOWpnc3E0NGQ2SlRaQThjRzFmYUpDdUVVUE94bDkyM2UxdHlNUFE5SmdlaEFRMDhNZ3BVSld5anhYY3FyU28rcGNaSGViOEcwdW1FaXhJb1pzc2doSXNqWlRyMnBxS3orVlh5NWoyNk9yaG5PeUlKZ0VrYUlqWU1tM0doc0o1T3VIT1VOdGE5QmtISlFzb2pZeU5uMC9kVDM2K0pRNURHbUZGMjFYT3hmV2VMemRSVTZvWm1qSGJ3ZGd6QzlkUnYwYWs3dGl0SXdGekJWUitJQ1R4bUhnNTNZeG1XQ1hOQnBIa3Z2RE42Q2RFbVlEeUc0cFVlRU5PM1dSb0o2RFRLSU01YlgwSVJPTWZValBsa0t5Qkhic2Nzb01oUWtvSmZNUnUvanZGNUV6OVZZNnNWTHoxZU8zNlJUaUUxdzErUE5RRGcvK1RoaVpIT0JjenFacGN5RzJvYWt6RVNsSEV4V09Md1AzVDBnZWZBVFRhcUdDelJSaXltSW9ZK3MvU1JuK1lPZ2xya042TndEVmVyKzMvM290TXQ1L0hRVlZFUDlqY2pzZVM5cHVBcnh1TUdRZHBuWkN6Z0huZEYybEVPV1RBWUdGMkdiSTJ3VHBMcVBXTlp2K1lXNUt1OCtzUk9kZERqZVU1ZmtxZGRPakdFTGlIMkY4Q3NRcXJSTzY4L3pPcjJLMDRUZEc0eWNIWkZpQmxrMS9IQUtPeEV4S2FxdzFNY09odXFPeTZxbGxLUStPYWJycURhUWlDbzJINmZFTFRvUkR1N0lZcEZUU2MxdW9xMkQ4UGlZc3lMazZXYVRxa1pUM2U4b3hQVisydlpNV2VkUUwyVG1QT1RhRERvTitMbU85UkJNdmFFTDdqZnJodmhBbnJEa2Q4Q0IxbFhqOWo0NHVjZUlmdEZ2clIyRUozVT0iLCJkYXRha2V5IjoiQVFFQkFIaEx5ano3UEpFUG1ZYnFINkE2Zi93V056eXo1QkthMzdCbkJQc0F5dUYxS1FBQUFINHdmQVlKS29aSWh2Y05BUWNHb0c4d2JRSUJBREJvQmdrcWhraUc5dzBCQndFd0hnWUpZSVpJQVdVREJBRXVNQkVFREgzbjdoK1FJSlNENmRLV1hRSUJFSUE3amsraU1icVp5YTNFTVQveWtpQWhFUXRLeUliMHhRSmxNTnBYcktoamU1d0JuQ0djTTVIeXpuMFl0SG9mUmdML01oNms5b2hRN0IzVms3TT0iLCJ2ZXJzaW9uIjoiMiIsInR5cGUiOiJEQVRBX0tFWSIsImV4cGlyYXRpb24iOjE2OTM3NjA4ODV9",
            "proxy_endpoint": "https://291208963174.dkr.ecr.ap-southeast-2.amazonaws.com",
            "registry_id": null,
            "user_name": "AWS"
          },
          "sensitive_attributes": []
        }
      ]
    },
    {
      "mode": "data",
      "type": "aws_iam_policy_document",
      "name": "this",
      "provider": "provider[\"registry.terraform.io/hashicorp/aws\"]",
      "instances": [
        {
          "schema_version": 0,
          "attributes": {
            "id": "320642683",
            "json": "{\n  \"Version\": \"2012-10-17\",\n  \"Statement\": [\n    {\n      \"Sid\": \"\",\n      \"Effect\": \"Allow\",\n      \"Action\": \"sts:AssumeRole\",\n      \"Principal\": {\n        \"Service\": \"ecs-tasks.amazonaws.com\"\n      }\n    }\n  ]\n}",
            "override_json": null,
            "override_policy_documents": null,
            "policy_id": null,
            "source_json": null,
            "source_policy_documents": null,
            "statement": [
              {
                "actions": [
                  "sts:AssumeRole"
                ],
                "condition": [],
                "effect": "Allow",
                "not_actions": [],
                "not_principals": [],
                "not_resources": [],
                "principals": [
                  {
                    "identifiers": [
                      "ecs-tasks.amazonaws.com"
                    ],
                    "type": "Service"
                  }
                ],
                "resources": [],
                "sid": ""
              }
            ],
            "version": "2012-10-17"
          },
          "sensitive_attributes": []
        }
      ]
    },
    {
      "mode": "data",
      "type": "aws_region",
      "name": "this",
      "provider": "provider[\"registry.terraform.io/hashicorp/aws\"]",
      "instances": [
        {
          "schema_version": 0,
          "attributes": {
            "description": "Asia Pacific (Sydney)",
            "endpoint": "ec2.ap-southeast-2.amazonaws.com",
            "id": "ap-southeast-2",
            "name": "ap-southeast-2"
          },
          "sensitive_attributes": []
        }
      ]
    },
    {
      "mode": "managed",
      "type": "aws_appautoscaling_policy",
      "name": "ecs_policy_alb",
      "provider": "provider[\"registry.terraform.io/hashicorp/aws\"]",
      "instances": [
        {
          "schema_version": 0,
          "attributes": {
            "alarm_arns": [
              "arn:aws:cloudwatch:ap-southeast-2:291208963174:alarm:TargetTracking-service/example-terraform-ecs-cluster/example-terraform-ecs-service-AlarmHigh-85c805e9-31f4-4e3c-9b0d-843ebc23fcf5",
              "arn:aws:cloudwatch:ap-southeast-2:291208963174:alarm:TargetTracking-service/example-terraform-ecs-cluster/example-terraform-ecs-service-AlarmLow-9755c6fd-c7b6-4a45-91c0-4f7c1f0040eb"
            ],
            "arn": "arn:aws:autoscaling:ap-southeast-2:291208963174:scalingPolicy:0f27d145-f979-46c9-8f8a-1b4b83543b33:resource/ecs/service/example-terraform-ecs-cluster/example-terraform-ecs-service:policyName/scale-up-policy-alb",
            "id": "scale-up-policy-alb",
            "name": "scale-up-policy-alb",
            "policy_type": "TargetTrackingScaling",
            "resource_id": "service/example-terraform-ecs-cluster/example-terraform-ecs-service",
            "scalable_dimension": "ecs:service:DesiredCount",
            "service_namespace": "ecs",
            "step_scaling_policy_configuration": [],
            "target_tracking_scaling_policy_configuration": [
              {
                "customized_metric_specification": [],
                "disable_scale_in": false,
                "predefined_metric_specification": [
                  {
                    "predefined_metric_type": "ALBRequestCountPerTarget",
                    "resource_label": "app/tf-lb-20230903050809550500000001/f84e985bfbef8b88/targetgroup/tf-20230903051021674800000003/8f4c02c970d22896"
                  }
                ],
                "scale_in_cooldown": 300,
                "scale_out_cooldown": 100,
                "target_value": 300
              }
            ]
          },
          "sensitive_attributes": [],
          "private": "bnVsbA==",
          "dependencies": [
            "aws_appautoscaling_target.ecs_target",
            "aws_cloudwatch_log_group.log_group",
            "aws_ecr_repository.this",
            "aws_ecs_cluster.this",
            "aws_ecs_service.this",
            "aws_ecs_task_definition.this",
            "aws_iam_role.this",
            "aws_internet_gateway.this",
            "aws_lb.this",
            "aws_lb_target_group.this",
            "aws_security_group.egress_all",
            "aws_security_group.http",
            "aws_security_group.https",
            "aws_security_group.ingress_api",
            "aws_subnet.private",
            "aws_subnet.public",
            "aws_vpc.this",
            "data.aws_arn.this",
            "data.aws_caller_identity.this",
            "data.aws_ecr_authorization_token.this",
            "data.aws_region.this",
            "docker_image.this",
            "docker_registry_image.this"
          ]
        }
      ]
    },
    {
      "mode": "managed",
      "type": "aws_appautoscaling_policy",
      "name": "ecs_policy_cpu",
      "provider": "provider[\"registry.terraform.io/hashicorp/aws\"]",
      "instances": [
        {
          "schema_version": 0,
          "attributes": {
            "alarm_arns": [
              "arn:aws:cloudwatch:ap-southeast-2:291208963174:alarm:TargetTracking-service/example-terraform-ecs-cluster/example-terraform-ecs-service-AlarmHigh-dde07b53-32cb-4d14-ba3c-4b593a4ec3cc",
              "arn:aws:cloudwatch:ap-southeast-2:291208963174:alarm:TargetTracking-service/example-terraform-ecs-cluster/example-terraform-ecs-service-AlarmLow-c12f48e1-dcc0-4b50-8ed2-3f8184ba525a"
            ],
            "arn": "arn:aws:autoscaling:ap-southeast-2:291208963174:scalingPolicy:0f27d145-f979-46c9-8f8a-1b4b83543b33:resource/ecs/service/example-terraform-ecs-cluster/example-terraform-ecs-service:policyName/scale-up-policy-cpu",
            "id": "scale-up-policy-cpu",
            "name": "scale-up-policy-cpu",
            "policy_type": "TargetTrackingScaling",
            "resource_id": "service/example-terraform-ecs-cluster/example-terraform-ecs-service",
            "scalable_dimension": "ecs:service:DesiredCount",
            "service_namespace": "ecs",
            "step_scaling_policy_configuration": [],
            "target_tracking_scaling_policy_configuration": [
              {
                "customized_metric_specification": [],
                "disable_scale_in": false,
                "predefined_metric_specification": [
                  {
                    "predefined_metric_type": "ECSServiceAverageCPUUtilization",
                    "resource_label": ""
                  }
                ],
                "scale_in_cooldown": 300,
                "scale_out_cooldown": 100,
                "target_value": 70
              }
            ]
          },
          "sensitive_attributes": [],
          "private": "bnVsbA==",
          "dependencies": [
            "aws_appautoscaling_target.ecs_target",
            "aws_cloudwatch_log_group.log_group",
            "aws_ecr_repository.this",
            "aws_ecs_cluster.this",
            "aws_ecs_service.this",
            "aws_ecs_task_definition.this",
            "aws_iam_role.this",
            "aws_internet_gateway.this",
            "aws_lb.this",
            "aws_lb_target_group.this",
            "aws_security_group.egress_all",
            "aws_security_group.http",
            "aws_security_group.https",
            "aws_security_group.ingress_api",
            "aws_subnet.private",
            "aws_subnet.public",
            "aws_vpc.this",
            "data.aws_arn.this",
            "data.aws_caller_identity.this",
            "data.aws_ecr_authorization_token.this",
            "data.aws_region.this",
            "docker_image.this",
            "docker_registry_image.this"
          ]
        }
      ]
    },
    {
      "mode": "managed",
      "type": "aws_appautoscaling_policy",
      "name": "ecs_policy_memory",
      "provider": "provider[\"registry.terraform.io/hashicorp/aws\"]",
      "instances": [
        {
          "schema_version": 0,
          "attributes": {
            "alarm_arns": [
              "arn:aws:cloudwatch:ap-southeast-2:291208963174:alarm:TargetTracking-service/example-terraform-ecs-cluster/example-terraform-ecs-service-AlarmHigh-88ad7c64-da3d-49a3-9156-5fd8df2eab02",
              "arn:aws:cloudwatch:ap-southeast-2:291208963174:alarm:TargetTracking-service/example-terraform-ecs-cluster/example-terraform-ecs-service-AlarmLow-a2c5d31b-a61c-493f-82f2-e9646fc8c703"
            ],
            "arn": "arn:aws:autoscaling:ap-southeast-2:291208963174:scalingPolicy:0f27d145-f979-46c9-8f8a-1b4b83543b33:resource/ecs/service/example-terraform-ecs-cluster/example-terraform-ecs-service:policyName/scale-up-policy-memory",
            "id": "scale-up-policy-memory",
            "name": "scale-up-policy-memory",
            "policy_type": "TargetTrackingScaling",
            "resource_id": "service/example-terraform-ecs-cluster/example-terraform-ecs-service",
            "scalable_dimension": "ecs:service:DesiredCount",
            "service_namespace": "ecs",
            "step_scaling_policy_configuration": [],
            "target_tracking_scaling_policy_configuration": [
              {
                "customized_metric_specification": [],
                "disable_scale_in": false,
                "predefined_metric_specification": [
                  {
                    "predefined_metric_type": "ECSServiceAverageMemoryUtilization",
                    "resource_label": ""
                  }
                ],
                "scale_in_cooldown": 300,
                "scale_out_cooldown": 100,
                "target_value": 70
              }
            ]
          },
          "sensitive_attributes": [],
          "private": "bnVsbA==",
          "dependencies": [
            "aws_appautoscaling_target.ecs_target",
            "aws_cloudwatch_log_group.log_group",
            "aws_ecr_repository.this",
            "aws_ecs_cluster.this",
            "aws_ecs_service.this",
            "aws_ecs_task_definition.this",
            "aws_iam_role.this",
            "aws_internet_gateway.this",
            "aws_lb.this",
            "aws_lb_target_group.this",
            "aws_security_group.egress_all",
            "aws_security_group.http",
            "aws_security_group.https",
            "aws_security_group.ingress_api",
            "aws_subnet.private",
            "aws_subnet.public",
            "aws_vpc.this",
            "data.aws_arn.this",
            "data.aws_caller_identity.this",
            "data.aws_ecr_authorization_token.this",
            "data.aws_region.this",
            "docker_image.this",
            "docker_registry_image.this"
          ]
        }
      ]
    },
    {
      "mode": "managed",
      "type": "aws_appautoscaling_scheduled_action",
      "name": "scale_service_in",
      "provider": "provider[\"registry.terraform.io/hashicorp/aws\"]",
      "instances": [
        {
          "schema_version": 0,
          "attributes": {
            "arn": "arn:aws:autoscaling:ap-southeast-2:291208963174:scheduledAction:0f27d145-f979-46c9-8f8a-1b4b83543b33:resource/ecs/service/example-terraform-ecs-cluster/example-terraform-ecs-service:scheduledActionName/scale_service_in",
            "end_time": null,
            "id": "scale_service_in-ecs-service/example-terraform-ecs-cluster/example-terraform-ecs-service",
            "name": "scale_service_in",
            "resource_id": "service/example-terraform-ecs-cluster/example-terraform-ecs-service",
            "scalable_dimension": "ecs:service:DesiredCount",
            "scalable_target_action": [
              {
                "max_capacity": "3",
                "min_capacity": "2"
              }
            ],
            "schedule": "cron(0 18 * * ? *)",
            "service_namespace": "ecs",
            "start_time": null,
            "timezone": "UTC"
          },
          "sensitive_attributes": [],
          "private": "bnVsbA==",
          "dependencies": [
            "aws_appautoscaling_target.ecs_target",
            "aws_cloudwatch_log_group.log_group",
            "aws_ecr_repository.this",
            "aws_ecs_cluster.this",
            "aws_ecs_service.this",
            "aws_ecs_task_definition.this",
            "aws_iam_role.this",
            "aws_internet_gateway.this",
            "aws_lb.this",
            "aws_lb_target_group.this",
            "aws_security_group.egress_all",
            "aws_security_group.http",
            "aws_security_group.https",
            "aws_security_group.ingress_api",
            "aws_subnet.private",
            "aws_subnet.public",
            "aws_vpc.this",
            "data.aws_arn.this",
            "data.aws_caller_identity.this",
            "data.aws_ecr_authorization_token.this",
            "data.aws_region.this",
            "docker_image.this",
            "docker_registry_image.this"
          ]
        }
      ]
    },
    {
      "mode": "managed",
      "type": "aws_appautoscaling_scheduled_action",
      "name": "scale_service_out",
      "provider": "provider[\"registry.terraform.io/hashicorp/aws\"]",
      "instances": [
        {
          "schema_version": 0,
          "attributes": {
            "arn": "arn:aws:autoscaling:ap-southeast-2:291208963174:scheduledAction:0f27d145-f979-46c9-8f8a-1b4b83543b33:resource/ecs/service/example-terraform-ecs-cluster/example-terraform-ecs-service:scheduledActionName/scale_service_out",
            "end_time": null,
            "id": "scale_service_out-ecs-service/example-terraform-ecs-cluster/example-terraform-ecs-service",
            "name": "scale_service_out",
            "resource_id": "service/example-terraform-ecs-cluster/example-terraform-ecs-service",
            "scalable_dimension": "ecs:service:DesiredCount",
            "scalable_target_action": [
              {
                "max_capacity": "4",
                "min_capacity": "2"
              }
            ],
            "schedule": "cron(0 6 * * ? *)",
            "service_namespace": "ecs",
            "start_time": null,
            "timezone": "UTC"
          },
          "sensitive_attributes": [],
          "private": "bnVsbA==",
          "dependencies": [
            "aws_appautoscaling_target.ecs_target",
            "aws_cloudwatch_log_group.log_group",
            "aws_ecr_repository.this",
            "aws_ecs_cluster.this",
            "aws_ecs_service.this",
            "aws_ecs_task_definition.this",
            "aws_iam_role.this",
            "aws_internet_gateway.this",
            "aws_lb.this",
            "aws_lb_target_group.this",
            "aws_security_group.egress_all",
            "aws_security_group.http",
            "aws_security_group.https",
            "aws_security_group.ingress_api",
            "aws_subnet.private",
            "aws_subnet.public",
            "aws_vpc.this",
            "data.aws_arn.this",
            "data.aws_caller_identity.this",
            "data.aws_ecr_authorization_token.this",
            "data.aws_region.this",
            "docker_image.this",
            "docker_registry_image.this"
          ]
        }
      ]
    },
    {
      "mode": "managed",
      "type": "aws_appautoscaling_target",
      "name": "ecs_target",
      "provider": "provider[\"registry.terraform.io/hashicorp/aws\"]",
      "instances": [
        {
          "schema_version": 0,
          "attributes": {
            "arn": "arn:aws:application-autoscaling:ap-southeast-2:291208963174:scalable-target/0ec50f27d145f97946c98f8a1b4b83543b33",
            "id": "service/example-terraform-ecs-cluster/example-terraform-ecs-service",
            "max_capacity": 4,
            "min_capacity": 1,
            "resource_id": "service/example-terraform-ecs-cluster/example-terraform-ecs-service",
            "role_arn": "arn:aws:iam::291208963174:role/aws-service-role/ecs.application-autoscaling.amazonaws.com/AWSServiceRoleForApplicationAutoScaling_ECSService",
            "scalable_dimension": "ecs:service:DesiredCount",
            "service_namespace": "ecs",
            "tags": null,
            "tags_all": {
              "example": "example-terraform-ecs"
            }
          },
          "sensitive_attributes": [],
          "private": "bnVsbA==",
          "dependencies": [
            "aws_cloudwatch_log_group.log_group",
            "aws_ecr_repository.this",
            "aws_ecs_cluster.this",
            "aws_ecs_service.this",
            "aws_ecs_task_definition.this",
            "aws_iam_role.this",
            "aws_internet_gateway.this",
            "aws_lb.this",
            "aws_lb_target_group.this",
            "aws_security_group.egress_all",
            "aws_security_group.http",
            "aws_security_group.https",
            "aws_security_group.ingress_api",
            "aws_subnet.private",
            "aws_subnet.public",
            "aws_vpc.this",
            "data.aws_arn.this",
            "data.aws_caller_identity.this",
            "data.aws_ecr_authorization_token.this",
            "data.aws_region.this",
            "docker_image.this",
            "docker_registry_image.this"
          ]
        }
      ]
    },
    {
      "mode": "managed",
      "type": "aws_cloudwatch_log_group",
      "name": "log_group",
      "provider": "provider[\"registry.terraform.io/hashicorp/aws\"]",
      "instances": [
        {
          "schema_version": 0,
          "attributes": {
            "arn": "arn:aws:logs:ap-southeast-2:291208963174:log-group:example-terraform-ecs-logs",
            "id": "example-terraform-ecs-logs",
            "kms_key_id": "",
            "name": "example-terraform-ecs-logs",
            "name_prefix": "",
            "retention_in_days": 0,
            "skip_destroy": false,
            "tags": {},
            "tags_all": {
              "example": "example-terraform-ecs"
            }
          },
          "sensitive_attributes": [],
          "private": "bnVsbA=="
        }
      ]
    },
    {
      "mode": "managed",
      "type": "aws_ecr_lifecycle_policy",
      "name": "this",
      "provider": "provider[\"registry.terraform.io/hashicorp/aws\"]",
      "instances": [
        {
          "schema_version": 0,
          "attributes": {
            "id": "example-terraform-ecs",
            "policy": "{\"rules\":[{\"action\":{\"type\":\"expire\"},\"description\":\"Delete all images except a handful of the newest images\",\"rulePriority\":1,\"selection\":{\"countNumber\":3,\"countType\":\"imageCountMoreThan\",\"tagStatus\":\"any\"}}]}",
            "registry_id": "291208963174",
            "repository": "example-terraform-ecs"
          },
          "sensitive_attributes": [],
          "private": "bnVsbA==",
          "dependencies": [
            "aws_ecr_repository.this"
          ]
        }
      ]
    },
    {
      "mode": "managed",
      "type": "aws_ecr_repository",
      "name": "this",
      "provider": "provider[\"registry.terraform.io/hashicorp/aws\"]",
      "instances": [
        {
          "schema_version": 0,
          "attributes": {
            "arn": "arn:aws:ecr:ap-southeast-2:291208963174:repository/example-terraform-ecs",
            "encryption_configuration": [
              {
                "encryption_type": "AES256",
                "kms_key": ""
              }
            ],
            "force_delete": true,
            "id": "example-terraform-ecs",
            "image_scanning_configuration": [
              {
                "scan_on_push": false
              }
            ],
            "image_tag_mutability": "MUTABLE",
            "name": "example-terraform-ecs",
            "registry_id": "291208963174",
            "repository_url": "291208963174.dkr.ecr.ap-southeast-2.amazonaws.com/example-terraform-ecs",
            "tags": {},
            "tags_all": {
              "example": "example-terraform-ecs"
            },
            "timeouts": null
          },
          "sensitive_attributes": [],
          "private": "eyJlMmJmYjczMC1lY2FhLTExZTYtOGY4OC0zNDM2M2JjN2M0YzAiOnsiZGVsZXRlIjoxMjAwMDAwMDAwMDAwfX0="
        }
      ]
    },
    {
      "mode": "managed",
      "type": "aws_ecs_cluster",
      "name": "this",
      "provider": "provider[\"registry.terraform.io/hashicorp/aws\"]",
      "instances": [
        {
          "schema_version": 0,
          "attributes": {
            "arn": "arn:aws:ecs:ap-southeast-2:291208963174:cluster/example-terraform-ecs-cluster",
            "capacity_providers": [
              "FARGATE"
            ],
            "configuration": [],
            "default_capacity_provider_strategy": [],
            "id": "arn:aws:ecs:ap-southeast-2:291208963174:cluster/example-terraform-ecs-cluster",
            "name": "example-terraform-ecs-cluster",
            "service_connect_defaults": [],
            "setting": [
              {
                "name": "containerInsights",
                "value": "disabled"
              }
            ],
            "tags": {},
            "tags_all": {
              "example": "example-terraform-ecs"
            }
          },
          "sensitive_attributes": [],
          "private": "bnVsbA=="
        }
      ]
    },
    {
      "mode": "managed",
      "type": "aws_ecs_cluster_capacity_providers",
      "name": "this",
      "provider": "provider[\"registry.terraform.io/hashicorp/aws\"]",
      "instances": [
        {
          "schema_version": 0,
          "attributes": {
            "capacity_providers": [
              "FARGATE"
            ],
            "cluster_name": "example-terraform-ecs-cluster",
            "default_capacity_provider_strategy": [],
            "id": "example-terraform-ecs-cluster"
          },
          "sensitive_attributes": [],
          "private": "bnVsbA==",
          "dependencies": [
            "aws_ecs_cluster.this"
          ]
        }
      ]
    },
    {
      "mode": "managed",
      "type": "aws_ecs_service",
      "name": "this",
      "provider": "provider[\"registry.terraform.io/hashicorp/aws\"]",
      "instances": [
        {
          "schema_version": 0,
          "attributes": {
            "alarms": [],
            "capacity_provider_strategy": [],
            "cluster": "arn:aws:ecs:ap-southeast-2:291208963174:cluster/example-terraform-ecs-cluster",
            "deployment_circuit_breaker": [
              {
                "enable": false,
                "rollback": false
              }
            ],
            "deployment_controller": [
              {
                "type": "ECS"
              }
            ],
            "deployment_maximum_percent": 200,
            "deployment_minimum_healthy_percent": 100,
            "desired_count": 1,
            "enable_ecs_managed_tags": false,
            "enable_execute_command": false,
            "force_new_deployment": null,
            "health_check_grace_period_seconds": 0,
            "iam_role": "/aws-service-role/ecs.amazonaws.com/AWSServiceRoleForECS",
            "id": "arn:aws:ecs:ap-southeast-2:291208963174:service/example-terraform-ecs-cluster/example-terraform-ecs-service",
            "launch_type": "FARGATE",
            "load_balancer": [
              {
                "container_name": "hello-world-container",
                "container_port": 3000,
                "elb_name": "",
                "target_group_arn": "arn:aws:elasticloadbalancing:ap-southeast-2:291208963174:targetgroup/tf-20230903051021674800000003/8f4c02c970d22896"
              }
            ],
            "name": "example-terraform-ecs-service",
            "network_configuration": [
              {
                "assign_public_ip": false,
                "security_groups": [
                  "sg-07a1179e0d2fe312c",
                  "sg-0d94ad042c657f5d7"
                ],
                "subnets": [
                  "subnet-0e27b03d682354312",
                  "subnet-0e9b9f2ee299b03fa"
                ]
              }
            ],
            "ordered_placement_strategy": [],
            "placement_constraints": [],
            "platform_version": "LATEST",
            "propagate_tags": "NONE",
            "scheduling_strategy": "REPLICA",
            "service_connect_configuration": [],
            "service_registries": [],
            "tags": null,
            "tags_all": {
              "example": "example-terraform-ecs"
            },
            "task_definition": "arn:aws:ecs:ap-southeast-2:291208963174:task-definition/family-of-example-terraform-ecs-tasks:12",
            "timeouts": null,
            "triggers": {},
            "wait_for_steady_state": false
          },
          "sensitive_attributes": [],
          "private": "eyJlMmJmYjczMC1lY2FhLTExZTYtOGY4OC0zNDM2M2JjN2M0YzAiOnsiY3JlYXRlIjoxMjAwMDAwMDAwMDAwLCJkZWxldGUiOjEyMDAwMDAwMDAwMDAsInVwZGF0ZSI6MTIwMDAwMDAwMDAwMH19",
          "dependencies": [
            "aws_cloudwatch_log_group.log_group",
            "aws_ecr_repository.this",
            "aws_ecs_cluster.this",
            "aws_ecs_task_definition.this",
            "aws_iam_role.this",
            "aws_internet_gateway.this",
            "aws_lb.this",
            "aws_lb_target_group.this",
            "aws_security_group.egress_all",
            "aws_security_group.http",
            "aws_security_group.https",
            "aws_security_group.ingress_api",
            "aws_subnet.private",
            "aws_subnet.public",
            "aws_vpc.this",
            "data.aws_caller_identity.this",
            "data.aws_ecr_authorization_token.this",
            "data.aws_region.this",
            "docker_image.this",
            "docker_registry_image.this"
          ]
        }
      ]
    },
    {
      "mode": "managed",
      "type": "aws_ecs_task_definition",
      "name": "this",
      "provider": "provider[\"registry.terraform.io/hashicorp/aws\"]",
      "instances": [
        {
          "schema_version": 1,
          "attributes": {
            "arn": "arn:aws:ecs:ap-southeast-2:291208963174:task-definition/family-of-example-terraform-ecs-tasks:12",
            "arn_without_revision": "arn:aws:ecs:ap-southeast-2:291208963174:task-definition/family-of-example-terraform-ecs-tasks",
            "container_definitions": "[{\"cpu\":0,\"environment\":[],\"essential\":true,\"image\":\"291208963174.dkr.ecr.ap-southeast-2.amazonaws.com/example-terraform-ecs:2023-09-03T05-08-09\",\"logConfiguration\":{\"logDriver\":\"awslogs\",\"options\":{\"awslogs-group\":\"example-terraform-ecs-logs\",\"awslogs-region\":\"ap-southeast-2\",\"awslogs-stream-prefix\":\"container\"}},\"mountPoints\":[],\"name\":\"hello-world-container\",\"portMappings\":[{\"containerPort\":3000,\"hostPort\":3000,\"protocol\":\"tcp\"}],\"volumesFrom\":[]}]",
            "cpu": "512",
            "ephemeral_storage": [],
            "execution_role_arn": "arn:aws:iam::291208963174:role/terraform-20230903050747112000000001",
            "family": "family-of-example-terraform-ecs-tasks",
            "id": "family-of-example-terraform-ecs-tasks",
            "inference_accelerator": [],
            "ipc_mode": "",
            "memory": "1024",
            "network_mode": "awsvpc",
            "pid_mode": "",
            "placement_constraints": [],
            "proxy_configuration": [],
            "requires_compatibilities": [
              "FARGATE"
            ],
            "revision": 12,
            "runtime_platform": [],
            "skip_destroy": false,
            "tags": null,
            "tags_all": {
              "example": "example-terraform-ecs"
            },
            "task_role_arn": "",
            "volume": []
          },
          "sensitive_attributes": [],
          "private": "eyJzY2hlbWFfdmVyc2lvbiI6IjEifQ==",
          "dependencies": [
            "aws_cloudwatch_log_group.log_group",
            "aws_ecr_repository.this",
            "aws_iam_role.this",
            "data.aws_caller_identity.this",
            "data.aws_ecr_authorization_token.this",
            "data.aws_region.this",
            "docker_image.this",
            "docker_registry_image.this"
          ]
        }
      ]
    },
    {
      "mode": "managed",
      "type": "aws_eip",
      "name": "this",
      "provider": "provider[\"registry.terraform.io/hashicorp/aws\"]",
      "instances": [
        {
          "schema_version": 0,
          "attributes": {
            "address": null,
            "allocation_id": "eipalloc-08e1565cfe096c330",
            "associate_with_private_ip": null,
            "association_id": "",
            "carrier_ip": "",
            "customer_owned_ip": "",
            "customer_owned_ipv4_pool": "",
            "domain": "vpc",
            "id": "eipalloc-08e1565cfe096c330",
            "instance": "",
            "network_border_group": "ap-southeast-2",
            "network_interface": "",
            "private_dns": null,
            "private_ip": "",
            "public_dns": "ec2-13-211-220-251.ap-southeast-2.compute.amazonaws.com",
            "public_ip": "13.211.220.251",
            "public_ipv4_pool": "amazon",
            "tags": {},
            "tags_all": {
              "example": "example-terraform-ecs"
            },
            "timeouts": null,
            "vpc": true
          },
          "sensitive_attributes": [],
          "private": "eyJlMmJmYjczMC1lY2FhLTExZTYtOGY4OC0zNDM2M2JjN2M0YzAiOnsiZGVsZXRlIjoxODAwMDAwMDAwMDAsInJlYWQiOjkwMDAwMDAwMDAwMCwidXBkYXRlIjozMDAwMDAwMDAwMDB9fQ=="
        }
      ]
    },
    {
      "mode": "managed",
      "type": "aws_iam_role",
      "name": "this",
      "provider": "provider[\"registry.terraform.io/hashicorp/aws\"]",
      "instances": [
        {
          "schema_version": 0,
          "attributes": {
            "arn": "arn:aws:iam::291208963174:role/terraform-20230903050747112000000001",
            "assume_role_policy": "{\"Statement\":[{\"Action\":\"sts:AssumeRole\",\"Effect\":\"Allow\",\"Principal\":{\"Service\":\"ecs-tasks.amazonaws.com\"},\"Sid\":\"\"}],\"Version\":\"2012-10-17\"}",
            "create_date": "2023-09-03T05:07:48Z",
            "description": "",
            "force_detach_policies": false,
            "id": "terraform-20230903050747112000000001",
            "inline_policy": [],
            "managed_policy_arns": [
              "arn:aws:iam::aws:policy/service-role/AmazonECSTaskExecutionRolePolicy"
            ],
            "max_session_duration": 3600,
            "name": "terraform-20230903050747112000000001",
            "name_prefix": "terraform-",
            "path": "/",
            "permissions_boundary": null,
            "role_last_used": [
              {
                "last_used_date": "",
                "region": ""
              }
            ],
            "tags": {},
            "tags_all": {
              "example": "example-terraform-ecs"
            },
            "unique_id": "AROAUHTLIERTHDOM7VQXO"
          },
          "sensitive_attributes": [],
          "private": "bnVsbA==",
          "dependencies": [
            "data.aws_iam_policy_document.this"
          ]
        }
      ]
    },
    {
      "mode": "managed",
      "type": "aws_iam_role_policy_attachment",
      "name": "default",
      "provider": "provider[\"registry.terraform.io/hashicorp/aws\"]",
      "instances": [
        {
          "schema_version": 0,
          "attributes": {
            "id": "terraform-20230903050747112000000001-20230903050749197100000003",
            "policy_arn": "arn:aws:iam::aws:policy/service-role/AmazonECSTaskExecutionRolePolicy",
            "role": "terraform-20230903050747112000000001"
          },
          "sensitive_attributes": [],
          "private": "bnVsbA==",
          "dependencies": [
            "aws_iam_role.this",
            "data.aws_iam_policy_document.this"
          ]
        }
      ]
    },
    {
      "mode": "managed",
      "type": "aws_internet_gateway",
      "name": "this",
      "provider": "provider[\"registry.terraform.io/hashicorp/aws\"]",
      "instances": [
        {
          "schema_version": 0,
          "attributes": {
            "arn": "arn:aws:ec2:ap-southeast-2:291208963174:internet-gateway/igw-0ea8e4a58deb13cc5",
            "id": "igw-0ea8e4a58deb13cc5",
            "owner_id": "291208963174",
            "tags": {},
            "tags_all": {
              "example": "example-terraform-ecs"
            },
            "timeouts": null,
            "vpc_id": "vpc-01a2b85211f187275"
          },
          "sensitive_attributes": [],
          "private": "eyJlMmJmYjczMC1lY2FhLTExZTYtOGY4OC0zNDM2M2JjN2M0YzAiOnsiY3JlYXRlIjoxMjAwMDAwMDAwMDAwLCJkZWxldGUiOjEyMDAwMDAwMDAwMDAsInVwZGF0ZSI6MTIwMDAwMDAwMDAwMH19",
          "dependencies": [
            "aws_vpc.this"
          ]
        }
      ]
    },
    {
      "mode": "managed",
      "type": "aws_lb",
      "name": "this",
      "provider": "provider[\"registry.terraform.io/hashicorp/aws\"]",
      "instances": [
        {
          "schema_version": 0,
          "attributes": {
            "access_logs": [
              {
                "bucket": "",
                "enabled": false,
                "prefix": ""
              }
            ],
            "arn": "arn:aws:elasticloadbalancing:ap-southeast-2:291208963174:loadbalancer/app/tf-lb-20230903050809550500000001/f84e985bfbef8b88",
            "arn_suffix": "app/tf-lb-20230903050809550500000001/f84e985bfbef8b88",
            "customer_owned_ipv4_pool": "",
            "desync_mitigation_mode": "defensive",
            "dns_name": "tf-lb-20230903050809550500000001-1155208775.ap-southeast-2.elb.amazonaws.com",
            "drop_invalid_header_fields": false,
            "enable_cross_zone_load_balancing": true,
            "enable_deletion_protection": false,
            "enable_http2": true,
            "enable_tls_version_and_cipher_suite_headers": false,
            "enable_waf_fail_open": false,
            "enable_xff_client_port": false,
            "id": "arn:aws:elasticloadbalancing:ap-southeast-2:291208963174:loadbalancer/app/tf-lb-20230903050809550500000001/f84e985bfbef8b88",
            "idle_timeout": 60,
            "internal": false,
            "ip_address_type": "ipv4",
            "load_balancer_type": "application",
            "name": "tf-lb-20230903050809550500000001",
            "name_prefix": null,
            "preserve_host_header": false,
            "security_groups": [
              "sg-07a1179e0d2fe312c",
              "sg-0e88e49083db2944d",
              "sg-0f44ed6468ea7ac2d"
            ],
            "subnet_mapping": [
              {
                "allocation_id": "",
                "ipv6_address": "",
                "outpost_id": "",
                "private_ipv4_address": "",
                "subnet_id": "subnet-004b45ff52aa4029c"
              },
              {
                "allocation_id": "",
                "ipv6_address": "",
                "outpost_id": "",
                "private_ipv4_address": "",
                "subnet_id": "subnet-0d8a65b14026629db"
              }
            ],
            "subnets": [
              "subnet-004b45ff52aa4029c",
              "subnet-0d8a65b14026629db"
            ],
            "tags": null,
            "tags_all": {
              "example": "example-terraform-ecs"
            },
            "timeouts": null,
            "vpc_id": "vpc-01a2b85211f187275",
            "xff_header_processing_mode": "append",
            "zone_id": "Z1GM3OXH4ZPM65"
          },
          "sensitive_attributes": [],
          "private": "eyJlMmJmYjczMC1lY2FhLTExZTYtOGY4OC0zNDM2M2JjN2M0YzAiOnsiY3JlYXRlIjo2MDAwMDAwMDAwMDAsImRlbGV0ZSI6NjAwMDAwMDAwMDAwLCJ1cGRhdGUiOjYwMDAwMDAwMDAwMH19",
          "dependencies": [
            "aws_internet_gateway.this",
            "aws_security_group.egress_all",
            "aws_security_group.http",
            "aws_security_group.https",
            "aws_subnet.public"
          ]
        }
      ]
    },
    {
      "mode": "managed",
      "type": "aws_lb_listener",
      "name": "this",
      "provider": "provider[\"registry.terraform.io/hashicorp/aws\"]",
      "instances": [
        {
          "schema_version": 0,
          "attributes": {
            "alpn_policy": null,
            "arn": "arn:aws:elasticloadbalancing:ap-southeast-2:291208963174:listener/app/tf-lb-20230903050809550500000001/f84e985bfbef8b88/681a6dc42ad6cf5c",
            "certificate_arn": null,
            "default_action": [
              {
                "authenticate_cognito": [],
                "authenticate_oidc": [],
                "fixed_response": [],
                "forward": [],
                "order": 1,
                "redirect": [],
                "target_group_arn": "arn:aws:elasticloadbalancing:ap-southeast-2:291208963174:targetgroup/tf-20230903051021674800000003/8f4c02c970d22896",
                "type": "forward"
              }
            ],
            "id": "arn:aws:elasticloadbalancing:ap-southeast-2:291208963174:listener/app/tf-lb-20230903050809550500000001/f84e985bfbef8b88/681a6dc42ad6cf5c",
            "load_balancer_arn": "arn:aws:elasticloadbalancing:ap-southeast-2:291208963174:loadbalancer/app/tf-lb-20230903050809550500000001/f84e985bfbef8b88",
            "port": 80,
            "protocol": "HTTP",
            "ssl_policy": "",
            "tags": null,
            "tags_all": {
              "example": "example-terraform-ecs"
            },
            "timeouts": null
          },
          "sensitive_attributes": [],
          "private": "eyJlMmJmYjczMC1lY2FhLTExZTYtOGY4OC0zNDM2M2JjN2M0YzAiOnsicmVhZCI6NjAwMDAwMDAwMDAwfX0=",
          "dependencies": [
            "aws_internet_gateway.this",
            "aws_lb.this",
            "aws_lb_target_group.this",
            "aws_security_group.egress_all",
            "aws_security_group.http",
            "aws_security_group.https",
            "aws_subnet.public",
            "aws_vpc.this"
          ]
        }
      ]
    },
    {
      "mode": "managed",
      "type": "aws_lb_target_group",
      "name": "this",
      "provider": "provider[\"registry.terraform.io/hashicorp/aws\"]",
      "instances": [
        {
          "schema_version": 0,
          "attributes": {
            "arn": "arn:aws:elasticloadbalancing:ap-southeast-2:291208963174:targetgroup/tf-20230903051021674800000003/8f4c02c970d22896",
            "arn_suffix": "targetgroup/tf-20230903051021674800000003/8f4c02c970d22896",
            "connection_termination": false,
            "deregistration_delay": "300",
            "health_check": [
              {
                "enabled": true,
                "healthy_threshold": 5,
                "interval": 30,
                "matcher": "200",
                "path": "/",
                "port": "traffic-port",
                "protocol": "HTTP",
                "timeout": 5,
                "unhealthy_threshold": 2
              }
            ],
            "id": "arn:aws:elasticloadbalancing:ap-southeast-2:291208963174:targetgroup/tf-20230903051021674800000003/8f4c02c970d22896",
            "ip_address_type": "ipv4",
            "lambda_multi_value_headers_enabled": false,
            "load_balancing_algorithm_type": "round_robin",
            "load_balancing_cross_zone_enabled": "use_load_balancer_configuration",
            "name": "tf-20230903051021674800000003",
            "name_prefix": null,
            "port": 3000,
            "preserve_client_ip": null,
            "protocol": "HTTP",
            "protocol_version": "HTTP1",
            "proxy_protocol_v2": false,
            "slow_start": 0,
            "stickiness": [
              {
                "cookie_duration": 86400,
                "cookie_name": "",
                "enabled": false,
                "type": "lb_cookie"
              }
            ],
            "tags": null,
            "tags_all": {
              "example": "example-terraform-ecs"
            },
            "target_failover": [
              {
                "on_deregistration": null,
                "on_unhealthy": null
              }
            ],
            "target_type": "ip",
            "vpc_id": "vpc-01a2b85211f187275"
          },
          "sensitive_attributes": [],
          "private": "bnVsbA==",
          "dependencies": [
            "aws_internet_gateway.this",
            "aws_lb.this",
            "aws_security_group.egress_all",
            "aws_security_group.http",
            "aws_security_group.https",
            "aws_subnet.public",
            "aws_vpc.this"
          ]
        }
      ]
    },
    {
      "mode": "managed",
      "type": "aws_nat_gateway",
      "name": "this",
      "provider": "provider[\"registry.terraform.io/hashicorp/aws\"]",
      "instances": [
        {
          "schema_version": 0,
          "attributes": {
            "allocation_id": "eipalloc-08e1565cfe096c330",
            "association_id": "eipassoc-0b050bde9ed4012b8",
            "connectivity_type": "public",
            "id": "nat-08058805bc110e4de",
            "network_interface_id": "eni-085016a9a34a4707e",
            "private_ip": "10.0.0.160",
            "public_ip": "13.211.220.251",
            "subnet_id": "subnet-0d8a65b14026629db",
            "tags": null,
            "tags_all": {
              "example": "example-terraform-ecs"
            }
          },
          "sensitive_attributes": [],
          "private": "bnVsbA==",
          "dependencies": [
            "aws_eip.this",
            "aws_internet_gateway.this",
            "aws_subnet.public"
          ]
        }
      ]
    },
    {
      "mode": "managed",
      "type": "aws_route",
      "name": "private",
      "provider": "provider[\"registry.terraform.io/hashicorp/aws\"]",
      "instances": [
        {
          "schema_version": 0,
          "attributes": {
            "carrier_gateway_id": "",
            "core_network_arn": "",
            "destination_cidr_block": "0.0.0.0/0",
            "destination_ipv6_cidr_block": "",
            "destination_prefix_list_id": "",
            "egress_only_gateway_id": "",
            "gateway_id": "",
            "id": "r-rtb-089be1179201e3df91080289494",
            "instance_id": "",
            "instance_owner_id": "",
            "local_gateway_id": "",
            "nat_gateway_id": "nat-08058805bc110e4de",
            "network_interface_id": "",
            "origin": "CreateRoute",
            "route_table_id": "rtb-089be1179201e3df9",
            "state": "active",
            "timeouts": null,
            "transit_gateway_id": "",
            "vpc_endpoint_id": "",
            "vpc_peering_connection_id": ""
          },
          "sensitive_attributes": [],
          "private": "eyJlMmJmYjczMC1lY2FhLTExZTYtOGY4OC0zNDM2M2JjN2M0YzAiOnsiY3JlYXRlIjozMDAwMDAwMDAwMDAsImRlbGV0ZSI6MzAwMDAwMDAwMDAwLCJ1cGRhdGUiOjEyMDAwMDAwMDAwMH19",
          "dependencies": [
            "aws_eip.this",
            "aws_internet_gateway.this",
            "aws_nat_gateway.this",
            "aws_route_table.private",
            "aws_subnet.public"
          ]
        }
      ]
    },
    {
      "mode": "managed",
      "type": "aws_route",
      "name": "public",
      "provider": "provider[\"registry.terraform.io/hashicorp/aws\"]",
      "instances": [
        {
          "schema_version": 0,
          "attributes": {
            "carrier_gateway_id": "",
            "core_network_arn": "",
            "destination_cidr_block": "0.0.0.0/0",
            "destination_ipv6_cidr_block": "",
            "destination_prefix_list_id": "",
            "egress_only_gateway_id": "",
            "gateway_id": "igw-0ea8e4a58deb13cc5",
            "id": "r-rtb-0a4903df6481829331080289494",
            "instance_id": "",
            "instance_owner_id": "",
            "local_gateway_id": "",
            "nat_gateway_id": "",
            "network_interface_id": "",
            "origin": "CreateRoute",
            "route_table_id": "rtb-0a4903df648182933",
            "state": "active",
            "timeouts": null,
            "transit_gateway_id": "",
            "vpc_endpoint_id": "",
            "vpc_peering_connection_id": ""
          },
          "sensitive_attributes": [],
          "private": "eyJlMmJmYjczMC1lY2FhLTExZTYtOGY4OC0zNDM2M2JjN2M0YzAiOnsiY3JlYXRlIjozMDAwMDAwMDAwMDAsImRlbGV0ZSI6MzAwMDAwMDAwMDAwLCJ1cGRhdGUiOjEyMDAwMDAwMDAwMH19",
          "dependencies": [
            "aws_internet_gateway.this",
            "aws_route_table.public",
            "aws_vpc.this"
          ]
        }
      ]
    },
    {
      "mode": "managed",
      "type": "aws_route_table",
      "name": "private",
      "provider": "provider[\"registry.terraform.io/hashicorp/aws\"]",
      "instances": [
        {
          "schema_version": 0,
          "attributes": {
            "arn": "arn:aws:ec2:ap-southeast-2:291208963174:route-table/rtb-089be1179201e3df9",
            "id": "rtb-089be1179201e3df9",
            "owner_id": "291208963174",
            "propagating_vgws": [],
            "route": [],
            "tags": {},
            "tags_all": {
              "example": "example-terraform-ecs"
            },
            "timeouts": null,
            "vpc_id": "vpc-01a2b85211f187275"
          },
          "sensitive_attributes": [],
          "private": "eyJlMmJmYjczMC1lY2FhLTExZTYtOGY4OC0zNDM2M2JjN2M0YzAiOnsiY3JlYXRlIjozMDAwMDAwMDAwMDAsImRlbGV0ZSI6MzAwMDAwMDAwMDAwLCJ1cGRhdGUiOjEyMDAwMDAwMDAwMH19",
          "dependencies": [
            "aws_vpc.this"
          ]
        }
      ]
    },
    {
      "mode": "managed",
      "type": "aws_route_table",
      "name": "public",
      "provider": "provider[\"registry.terraform.io/hashicorp/aws\"]",
      "instances": [
        {
          "schema_version": 0,
          "attributes": {
            "arn": "arn:aws:ec2:ap-southeast-2:291208963174:route-table/rtb-0a4903df648182933",
            "id": "rtb-0a4903df648182933",
            "owner_id": "291208963174",
            "propagating_vgws": [],
            "route": [
              {
                "carrier_gateway_id": "",
                "cidr_block": "0.0.0.0/0",
                "core_network_arn": "",
                "destination_prefix_list_id": "",
                "egress_only_gateway_id": "",
                "gateway_id": "igw-0ea8e4a58deb13cc5",
                "instance_id": "",
                "ipv6_cidr_block": "",
                "local_gateway_id": "",
                "nat_gateway_id": "",
                "network_interface_id": "",
                "transit_gateway_id": "",
                "vpc_endpoint_id": "",
                "vpc_peering_connection_id": ""
              }
            ],
            "tags": {},
            "tags_all": {
              "example": "example-terraform-ecs"
            },
            "timeouts": null,
            "vpc_id": "vpc-01a2b85211f187275"
          },
          "sensitive_attributes": [],
          "private": "eyJlMmJmYjczMC1lY2FhLTExZTYtOGY4OC0zNDM2M2JjN2M0YzAiOnsiY3JlYXRlIjozMDAwMDAwMDAwMDAsImRlbGV0ZSI6MzAwMDAwMDAwMDAwLCJ1cGRhdGUiOjEyMDAwMDAwMDAwMH19",
          "dependencies": [
            "aws_vpc.this"
          ]
        }
      ]
    },
    {
      "mode": "managed",
      "type": "aws_route_table_association",
      "name": "private",
      "provider": "provider[\"registry.terraform.io/hashicorp/aws\"]",
      "instances": [
        {
          "index_key": "0",
          "schema_version": 0,
          "attributes": {
            "gateway_id": "",
            "id": "rtbassoc-09cf8b9a2b2170f18",
            "route_table_id": "rtb-089be1179201e3df9",
            "subnet_id": "subnet-0e9b9f2ee299b03fa",
            "timeouts": null
          },
          "sensitive_attributes": [],
          "private": "eyJlMmJmYjczMC1lY2FhLTExZTYtOGY4OC0zNDM2M2JjN2M0YzAiOnsiY3JlYXRlIjozMDAwMDAwMDAwMDAsImRlbGV0ZSI6MzAwMDAwMDAwMDAwLCJ1cGRhdGUiOjEyMDAwMDAwMDAwMH19",
          "dependencies": [
            "aws_route_table.private",
            "aws_subnet.private",
            "aws_subnet.public",
            "aws_vpc.this",
            "data.aws_availability_zones.available"
          ]
        },
        {
          "index_key": "1",
          "schema_version": 0,
          "attributes": {
            "gateway_id": "",
            "id": "rtbassoc-02de538006aafe2e4",
            "route_table_id": "rtb-089be1179201e3df9",
            "subnet_id": "subnet-0e27b03d682354312",
            "timeouts": null
          },
          "sensitive_attributes": [],
          "private": "eyJlMmJmYjczMC1lY2FhLTExZTYtOGY4OC0zNDM2M2JjN2M0YzAiOnsiY3JlYXRlIjozMDAwMDAwMDAwMDAsImRlbGV0ZSI6MzAwMDAwMDAwMDAwLCJ1cGRhdGUiOjEyMDAwMDAwMDAwMH19",
          "dependencies": [
            "aws_route_table.private",
            "aws_subnet.private",
            "aws_subnet.public",
            "aws_vpc.this",
            "data.aws_availability_zones.available"
          ]
        }
      ]
    },
    {
      "mode": "managed",
      "type": "aws_route_table_association",
      "name": "public",
      "provider": "provider[\"registry.terraform.io/hashicorp/aws\"]",
      "instances": [
        {
          "index_key": "0",
          "schema_version": 0,
          "attributes": {
            "gateway_id": "",
            "id": "rtbassoc-03c9921c657737995",
            "route_table_id": "rtb-0a4903df648182933",
            "subnet_id": "subnet-0d8a65b14026629db",
            "timeouts": null
          },
          "sensitive_attributes": [],
          "private": "eyJlMmJmYjczMC1lY2FhLTExZTYtOGY4OC0zNDM2M2JjN2M0YzAiOnsiY3JlYXRlIjozMDAwMDAwMDAwMDAsImRlbGV0ZSI6MzAwMDAwMDAwMDAwLCJ1cGRhdGUiOjEyMDAwMDAwMDAwMH19",
          "dependencies": [
            "aws_route_table.public",
            "aws_subnet.public",
            "aws_vpc.this",
            "data.aws_availability_zones.available"
          ]
        },
        {
          "index_key": "1",
          "schema_version": 0,
          "attributes": {
            "gateway_id": "",
            "id": "rtbassoc-03234224e80105b2f",
            "route_table_id": "rtb-0a4903df648182933",
            "subnet_id": "subnet-004b45ff52aa4029c",
            "timeouts": null
          },
          "sensitive_attributes": [],
          "private": "eyJlMmJmYjczMC1lY2FhLTExZTYtOGY4OC0zNDM2M2JjN2M0YzAiOnsiY3JlYXRlIjozMDAwMDAwMDAwMDAsImRlbGV0ZSI6MzAwMDAwMDAwMDAwLCJ1cGRhdGUiOjEyMDAwMDAwMDAwMH19",
          "dependencies": [
            "aws_route_table.public",
            "aws_subnet.public",
            "aws_vpc.this",
            "data.aws_availability_zones.available"
          ]
        }
      ]
    },
    {
      "mode": "managed",
      "type": "aws_security_group",
      "name": "egress_all",
      "provider": "provider[\"registry.terraform.io/hashicorp/aws\"]",
      "instances": [
        {
          "schema_version": 1,
          "attributes": {
            "arn": "arn:aws:ec2:ap-southeast-2:291208963174:security-group/sg-07a1179e0d2fe312c",
            "description": "Permit all outgoing traffic",
            "egress": [
              {
                "cidr_blocks": [
                  "0.0.0.0/0"
                ],
                "description": "",
                "from_port": 0,
                "ipv6_cidr_blocks": [],
                "prefix_list_ids": [],
                "protocol": "-1",
                "security_groups": [],
                "self": false,
                "to_port": 0
              }
            ],
            "id": "sg-07a1179e0d2fe312c",
            "ingress": [],
            "name": "egress-all",
            "name_prefix": "",
            "owner_id": "291208963174",
            "revoke_rules_on_delete": false,
            "tags": {},
            "tags_all": {
              "example": "example-terraform-ecs"
            },
            "timeouts": null,
            "vpc_id": "vpc-01a2b85211f187275"
          },
          "sensitive_attributes": [],
          "private": "eyJlMmJmYjczMC1lY2FhLTExZTYtOGY4OC0zNDM2M2JjN2M0YzAiOnsiY3JlYXRlIjo2MDAwMDAwMDAwMDAsImRlbGV0ZSI6OTAwMDAwMDAwMDAwfSwic2NoZW1hX3ZlcnNpb24iOiIxIn0=",
          "dependencies": [
            "aws_vpc.this"
          ]
        }
      ]
    },
    {
      "mode": "managed",
      "type": "aws_security_group",
      "name": "http",
      "provider": "provider[\"registry.terraform.io/hashicorp/aws\"]",
      "instances": [
        {
          "schema_version": 1,
          "attributes": {
            "arn": "arn:aws:ec2:ap-southeast-2:291208963174:security-group/sg-0f44ed6468ea7ac2d",
            "description": "Permit incoming HTTP traffic",
            "egress": [],
            "id": "sg-0f44ed6468ea7ac2d",
            "ingress": [
              {
                "cidr_blocks": [
                  "0.0.0.0/0"
                ],
                "description": "",
                "from_port": 80,
                "ipv6_cidr_blocks": [],
                "prefix_list_ids": [],
                "protocol": "tcp",
                "security_groups": [],
                "self": false,
                "to_port": 80
              }
            ],
            "name": "http",
            "name_prefix": "",
            "owner_id": "291208963174",
            "revoke_rules_on_delete": false,
            "tags": {},
            "tags_all": {
              "example": "example-terraform-ecs"
            },
            "timeouts": null,
            "vpc_id": "vpc-01a2b85211f187275"
          },
          "sensitive_attributes": [],
          "private": "eyJlMmJmYjczMC1lY2FhLTExZTYtOGY4OC0zNDM2M2JjN2M0YzAiOnsiY3JlYXRlIjo2MDAwMDAwMDAwMDAsImRlbGV0ZSI6OTAwMDAwMDAwMDAwfSwic2NoZW1hX3ZlcnNpb24iOiIxIn0=",
          "dependencies": [
            "aws_vpc.this"
          ]
        }
      ]
    },
    {
      "mode": "managed",
      "type": "aws_security_group",
      "name": "https",
      "provider": "provider[\"registry.terraform.io/hashicorp/aws\"]",
      "instances": [
        {
          "schema_version": 1,
          "attributes": {
            "arn": "arn:aws:ec2:ap-southeast-2:291208963174:security-group/sg-0e88e49083db2944d",
            "description": "Permit incoming HTTPS traffic",
            "egress": [],
            "id": "sg-0e88e49083db2944d",
            "ingress": [
              {
                "cidr_blocks": [
                  "0.0.0.0/0"
                ],
                "description": "",
                "from_port": 443,
                "ipv6_cidr_blocks": [],
                "prefix_list_ids": [],
                "protocol": "tcp",
                "security_groups": [],
                "self": false,
                "to_port": 443
              }
            ],
            "name": "https",
            "name_prefix": "",
            "owner_id": "291208963174",
            "revoke_rules_on_delete": false,
            "tags": {},
            "tags_all": {
              "example": "example-terraform-ecs"
            },
            "timeouts": null,
            "vpc_id": "vpc-01a2b85211f187275"
          },
          "sensitive_attributes": [],
          "private": "eyJlMmJmYjczMC1lY2FhLTExZTYtOGY4OC0zNDM2M2JjN2M0YzAiOnsiY3JlYXRlIjo2MDAwMDAwMDAwMDAsImRlbGV0ZSI6OTAwMDAwMDAwMDAwfSwic2NoZW1hX3ZlcnNpb24iOiIxIn0=",
          "dependencies": [
            "aws_vpc.this"
          ]
        }
      ]
    },
    {
      "mode": "managed",
      "type": "aws_security_group",
      "name": "ingress_api",
      "provider": "provider[\"registry.terraform.io/hashicorp/aws\"]",
      "instances": [
        {
          "schema_version": 1,
          "attributes": {
            "arn": "arn:aws:ec2:ap-southeast-2:291208963174:security-group/sg-0d94ad042c657f5d7",
            "description": "Permit some incoming traffic",
            "egress": [],
            "id": "sg-0d94ad042c657f5d7",
            "ingress": [
              {
                "cidr_blocks": [
                  "0.0.0.0/0"
                ],
                "description": "",
                "from_port": 3000,
                "ipv6_cidr_blocks": [],
                "prefix_list_ids": [],
                "protocol": "tcp",
                "security_groups": [],
                "self": false,
                "to_port": 3000
              }
            ],
            "name": "ingress-esc-service",
            "name_prefix": "",
            "owner_id": "291208963174",
            "revoke_rules_on_delete": false,
            "tags": {},
            "tags_all": {
              "example": "example-terraform-ecs"
            },
            "timeouts": null,
            "vpc_id": "vpc-01a2b85211f187275"
          },
          "sensitive_attributes": [],
          "private": "eyJlMmJmYjczMC1lY2FhLTExZTYtOGY4OC0zNDM2M2JjN2M0YzAiOnsiY3JlYXRlIjo2MDAwMDAwMDAwMDAsImRlbGV0ZSI6OTAwMDAwMDAwMDAwfSwic2NoZW1hX3ZlcnNpb24iOiIxIn0=",
          "dependencies": [
            "aws_vpc.this"
          ]
        }
      ]
    },
    {
      "mode": "managed",
      "type": "aws_subnet",
      "name": "private",
      "provider": "provider[\"registry.terraform.io/hashicorp/aws\"]",
      "instances": [
        {
          "index_key": 0,
          "schema_version": 1,
          "attributes": {
            "arn": "arn:aws:ec2:ap-southeast-2:291208963174:subnet/subnet-0e9b9f2ee299b03fa",
            "assign_ipv6_address_on_creation": false,
            "availability_zone": "ap-southeast-2a",
            "availability_zone_id": "apse2-az1",
            "cidr_block": "10.0.2.0/24",
            "customer_owned_ipv4_pool": "",
            "enable_dns64": false,
            "enable_lni_at_device_index": 0,
            "enable_resource_name_dns_a_record_on_launch": false,
            "enable_resource_name_dns_aaaa_record_on_launch": false,
            "id": "subnet-0e9b9f2ee299b03fa",
            "ipv6_cidr_block": "",
            "ipv6_cidr_block_association_id": "",
            "ipv6_native": false,
            "map_customer_owned_ip_on_launch": false,
            "map_public_ip_on_launch": false,
            "outpost_arn": "",
            "owner_id": "291208963174",
            "private_dns_hostname_type_on_launch": "ip-name",
            "tags": {},
            "tags_all": {
              "example": "example-terraform-ecs"
            },
            "timeouts": null,
            "vpc_id": "vpc-01a2b85211f187275"
          },
          "sensitive_attributes": [],
          "private": "eyJlMmJmYjczMC1lY2FhLTExZTYtOGY4OC0zNDM2M2JjN2M0YzAiOnsiY3JlYXRlIjo2MDAwMDAwMDAwMDAsImRlbGV0ZSI6MTIwMDAwMDAwMDAwMH0sInNjaGVtYV92ZXJzaW9uIjoiMSJ9",
          "dependencies": [
            "aws_subnet.public",
            "aws_vpc.this",
            "data.aws_availability_zones.available"
          ]
        },
        {
          "index_key": 1,
          "schema_version": 1,
          "attributes": {
            "arn": "arn:aws:ec2:ap-southeast-2:291208963174:subnet/subnet-0e27b03d682354312",
            "assign_ipv6_address_on_creation": false,
            "availability_zone": "ap-southeast-2b",
            "availability_zone_id": "apse2-az3",
            "cidr_block": "10.0.3.0/24",
            "customer_owned_ipv4_pool": "",
            "enable_dns64": false,
            "enable_lni_at_device_index": 0,
            "enable_resource_name_dns_a_record_on_launch": false,
            "enable_resource_name_dns_aaaa_record_on_launch": false,
            "id": "subnet-0e27b03d682354312",
            "ipv6_cidr_block": "",
            "ipv6_cidr_block_association_id": "",
            "ipv6_native": false,
            "map_customer_owned_ip_on_launch": false,
            "map_public_ip_on_launch": false,
            "outpost_arn": "",
            "owner_id": "291208963174",
            "private_dns_hostname_type_on_launch": "ip-name",
            "tags": {},
            "tags_all": {
              "example": "example-terraform-ecs"
            },
            "timeouts": null,
            "vpc_id": "vpc-01a2b85211f187275"
          },
          "sensitive_attributes": [],
          "private": "eyJlMmJmYjczMC1lY2FhLTExZTYtOGY4OC0zNDM2M2JjN2M0YzAiOnsiY3JlYXRlIjo2MDAwMDAwMDAwMDAsImRlbGV0ZSI6MTIwMDAwMDAwMDAwMH0sInNjaGVtYV92ZXJzaW9uIjoiMSJ9",
          "dependencies": [
            "aws_subnet.public",
            "aws_vpc.this",
            "data.aws_availability_zones.available"
          ]
        }
      ]
    },
    {
      "mode": "managed",
      "type": "aws_subnet",
      "name": "public",
      "provider": "provider[\"registry.terraform.io/hashicorp/aws\"]",
      "instances": [
        {
          "index_key": 0,
          "schema_version": 1,
          "attributes": {
            "arn": "arn:aws:ec2:ap-southeast-2:291208963174:subnet/subnet-0d8a65b14026629db",
            "assign_ipv6_address_on_creation": false,
            "availability_zone": "ap-southeast-2a",
            "availability_zone_id": "apse2-az1",
            "cidr_block": "10.0.0.0/24",
            "customer_owned_ipv4_pool": "",
            "enable_dns64": false,
            "enable_lni_at_device_index": 0,
            "enable_resource_name_dns_a_record_on_launch": false,
            "enable_resource_name_dns_aaaa_record_on_launch": false,
            "id": "subnet-0d8a65b14026629db",
            "ipv6_cidr_block": "",
            "ipv6_cidr_block_association_id": "",
            "ipv6_native": false,
            "map_customer_owned_ip_on_launch": false,
            "map_public_ip_on_launch": false,
            "outpost_arn": "",
            "owner_id": "291208963174",
            "private_dns_hostname_type_on_launch": "ip-name",
            "tags": {},
            "tags_all": {
              "example": "example-terraform-ecs"
            },
            "timeouts": null,
            "vpc_id": "vpc-01a2b85211f187275"
          },
          "sensitive_attributes": [],
          "private": "eyJlMmJmYjczMC1lY2FhLTExZTYtOGY4OC0zNDM2M2JjN2M0YzAiOnsiY3JlYXRlIjo2MDAwMDAwMDAwMDAsImRlbGV0ZSI6MTIwMDAwMDAwMDAwMH0sInNjaGVtYV92ZXJzaW9uIjoiMSJ9",
          "dependencies": [
            "aws_vpc.this",
            "data.aws_availability_zones.available"
          ]
        },
        {
          "index_key": 1,
          "schema_version": 1,
          "attributes": {
            "arn": "arn:aws:ec2:ap-southeast-2:291208963174:subnet/subnet-004b45ff52aa4029c",
            "assign_ipv6_address_on_creation": false,
            "availability_zone": "ap-southeast-2b",
            "availability_zone_id": "apse2-az3",
            "cidr_block": "10.0.1.0/24",
            "customer_owned_ipv4_pool": "",
            "enable_dns64": false,
            "enable_lni_at_device_index": 0,
            "enable_resource_name_dns_a_record_on_launch": false,
            "enable_resource_name_dns_aaaa_record_on_launch": false,
            "id": "subnet-004b45ff52aa4029c",
            "ipv6_cidr_block": "",
            "ipv6_cidr_block_association_id": "",
            "ipv6_native": false,
            "map_customer_owned_ip_on_launch": false,
            "map_public_ip_on_launch": false,
            "outpost_arn": "",
            "owner_id": "291208963174",
            "private_dns_hostname_type_on_launch": "ip-name",
            "tags": {},
            "tags_all": {
              "example": "example-terraform-ecs"
            },
            "timeouts": null,
            "vpc_id": "vpc-01a2b85211f187275"
          },
          "sensitive_attributes": [],
          "private": "eyJlMmJmYjczMC1lY2FhLTExZTYtOGY4OC0zNDM2M2JjN2M0YzAiOnsiY3JlYXRlIjo2MDAwMDAwMDAwMDAsImRlbGV0ZSI6MTIwMDAwMDAwMDAwMH0sInNjaGVtYV92ZXJzaW9uIjoiMSJ9",
          "dependencies": [
            "aws_vpc.this",
            "data.aws_availability_zones.available"
          ]
        }
      ]
    },
    {
      "mode": "managed",
      "type": "aws_vpc",
      "name": "this",
      "provider": "provider[\"registry.terraform.io/hashicorp/aws\"]",
      "instances": [
        {
          "schema_version": 1,
          "attributes": {
            "arn": "arn:aws:ec2:ap-southeast-2:291208963174:vpc/vpc-01a2b85211f187275",
            "assign_generated_ipv6_cidr_block": false,
            "cidr_block": "10.0.0.0/16",
            "default_network_acl_id": "acl-0e426947c8d5c9c95",
            "default_route_table_id": "rtb-020a490f6c1ee4b41",
            "default_security_group_id": "sg-0382f6398f3da5ffa",
            "dhcp_options_id": "dopt-0c00362e3fc2fd64b",
            "enable_classiclink": false,
            "enable_classiclink_dns_support": false,
            "enable_dns_hostnames": false,
            "enable_dns_support": true,
            "enable_network_address_usage_metrics": false,
            "id": "vpc-01a2b85211f187275",
            "instance_tenancy": "default",
            "ipv4_ipam_pool_id": null,
            "ipv4_netmask_length": null,
            "ipv6_association_id": "",
            "ipv6_cidr_block": "",
            "ipv6_cidr_block_network_border_group": "",
            "ipv6_ipam_pool_id": "",
            "ipv6_netmask_length": 0,
            "main_route_table_id": "rtb-020a490f6c1ee4b41",
            "owner_id": "291208963174",
            "tags": {},
            "tags_all": {
              "example": "example-terraform-ecs"
            }
          },
          "sensitive_attributes": [],
          "private": "eyJzY2hlbWFfdmVyc2lvbiI6IjEifQ=="
        }
      ]
    },
    {
      "mode": "managed",
      "type": "docker_image",
      "name": "this",
      "provider": "provider[\"registry.terraform.io/kreuzwerker/docker\"]",
      "instances": [
        {
          "schema_version": 0,
          "attributes": {
            "build": [
              {
                "auth_config": [],
                "build_arg": null,
                "build_args": null,
                "build_id": "",
                "cache_from": [],
                "cgroup_parent": "",
                "context": ".",
                "cpu_period": null,
                "cpu_quota": null,
                "cpu_set_cpus": "",
                "cpu_set_mems": "",
                "cpu_shares": null,
                "dockerfile": "Dockerfile",
                "extra_hosts": [],
                "force_remove": null,
                "isolation": "",
                "label": null,
                "labels": null,
                "memory": null,
                "memory_swap": null,
                "network_mode": "",
                "no_cache": null,
                "platform": "",
                "pull_parent": null,
                "remote_context": "",
                "remove": true,
                "security_opt": [],
                "session_id": "",
                "shm_size": null,
                "squash": null,
                "suppress_output": null,
                "tag": [],
                "target": "",
                "ulimit": [],
                "version": ""
              }
            ],
            "force_remove": null,
            "id": "sha256:fd9a5042c342b488502ae9986d6c03a4884d2adfe7c6c03d676ef34b4b6a1fdd291208963174.dkr.ecr.ap-southeast-2.amazonaws.com/example-terraform-ecs:2023-09-03T05-08-09",
            "image_id": "sha256:fd9a5042c342b488502ae9986d6c03a4884d2adfe7c6c03d676ef34b4b6a1fdd",
            "keep_locally": null,
            "name": "291208963174.dkr.ecr.ap-southeast-2.amazonaws.com/example-terraform-ecs:2023-09-03T05-08-09",
            "platform": null,
            "pull_triggers": null,
            "repo_digest": "",
            "triggers": null
          },
          "sensitive_attributes": [],
          "private": "bnVsbA==",
          "dependencies": [
            "aws_ecr_repository.this",
            "data.aws_caller_identity.this",
            "data.aws_ecr_authorization_token.this",
            "data.aws_region.this"
          ]
        }
      ]
    },
    {
      "mode": "managed",
      "type": "docker_registry_image",
      "name": "this",
      "provider": "provider[\"registry.terraform.io/kreuzwerker/docker\"]",
      "instances": [
        {
          "schema_version": 0,
          "attributes": {
            "id": "sha256:791794468ad03f71301ec08ba4930b09893a3aa1242109c51f042e6d0f94cd22",
            "insecure_skip_verify": false,
            "keep_remotely": true,
            "name": "291208963174.dkr.ecr.ap-southeast-2.amazonaws.com/example-terraform-ecs:2023-09-03T05-08-09",
            "sha256_digest": "sha256:791794468ad03f71301ec08ba4930b09893a3aa1242109c51f042e6d0f94cd22",
            "triggers": null
          },
          "sensitive_attributes": [],
          "private": "bnVsbA==",
          "dependencies": [
            "aws_ecr_repository.this",
            "data.aws_caller_identity.this",
            "data.aws_ecr_authorization_token.this",
            "data.aws_region.this",
            "docker_image.this"
          ]
        }
      ]
    }
  ],
  "check_results": null
}
