{
  "version": 4,
  "terraform_version": "1.5.6",
  "serial": 45,
  "lineage": "7b525ff9-acfa-4553-8c85-6b2b94569a8d",
  "outputs": {
    "lb_url": {
      "value": "http://tf-lb-20230903044350293600000004-1352919359.ap-southeast-2.elb.amazonaws.com",
      "type": "string"
    }
  },
  "resources": [
    {
      "mode": "data",
      "type": "aws_arn",
      "name": "this",
      "provider": "provider[\"registry.terraform.io/hashicorp/aws\"]",
      "instances": []
    },
    {
      "mode": "data",
      "type": "aws_availability_zones",
      "name": "available",
      "provider": "provider[\"registry.terraform.io/hashicorp/aws\"]",
      "instances": [
        {
          "schema_version": 0,
          "attributes": {
            "all_availability_zones": null,
            "exclude_names": null,
            "exclude_zone_ids": null,
            "filter": null,
            "group_names": [
              "ap-southeast-2"
            ],
            "id": "ap-southeast-2",
            "names": [
              "ap-southeast-2a",
              "ap-southeast-2b",
              "ap-southeast-2c"
            ],
            "state": "available",
            "timeouts": null,
            "zone_ids": [
              "apse2-az1",
              "apse2-az3",
              "apse2-az2"
            ]
          },
          "sensitive_attributes": []
        }
      ]
    },
    {
      "mode": "data",
      "type": "aws_caller_identity",
      "name": "this",
      "provider": "provider[\"registry.terraform.io/hashicorp/aws\"]",
      "instances": [
        {
          "schema_version": 0,
          "attributes": {
            "account_id": "291208963174",
            "arn": "arn:aws:iam::291208963174:user/azdigital-app-dev",
            "id": "291208963174",
            "user_id": "AIDAUHTLIERTCVZFIWX5H"
          },
          "sensitive_attributes": []
        }
      ]
    },
    {
      "mode": "data",
      "type": "aws_ecr_authorization_token",
      "name": "this",
      "provider": "provider[\"registry.terraform.io/hashicorp/aws\"]",
      "instances": [
        {
          "schema_version": 0,
          "attributes": {
            "authorization_token": "QVdTOmV5SndZWGxzYjJGa0lqb2llR3hRVFhCMlNreG1WRFpaTkhRdlVucG5hRTloZUhoa1FXMTNUR2xrTDBWVFUxWndSMFJyTm5kQmJWUjNOVnBXUkZNM1dpOUpRVzVNVEVkb1FVVlhjVWt2VURrek1XMTBTVzVOY0VWQ2JHY3haVGxFU2tKaVFUQlFNVEpxYjBSNGFuQm1aRWR2VEd4MVZIWkpLMjlhU1VoWVFYWnpaQ3RFVTFRelFVZDVlbVJFVFc1VGVYbEdLM0p6WVdGME9IRkNNRWRpTVV4MWVISnlkR1p5VGpkMlowcDZZbkZ2VTFvM1ZrVkZiRlJCVmxKRVpIZEZWRWxzTUVKTk0ydERURzR3UTFCYVZGTjJNbGxVTlRNM2FHcG1RV1E0TVVsNE9TdDZObE14UVhkcldIVkpNM2cyY1hoc2VtRTBja2s1TmtaR1IzQTRTM2RzYjNSQmFHZzRiM2xZYXpsTlpIcHZjblI0Uld4WlVrRlhUa2g2UTJaVkszTkdRV2RFVUhWQllVZHBTWEp2ZGtSclZEaDJVakJZYzBwTGFsRjNlR1prUVNzd09XSlBNR3RhWTFwdVJXNUhRbTFXV1RGT2IwaEJlSE5ZVFV3eGFXNU9XR2g0Y25WTE56RkxUSEoxVEU4NWNWbHhhMlZLU1VzM01IUXZTbUZPTjNkTFNIcGxObWRZV2tScVpuZHhVbEJzV21OQ0wwVnphRW8yU2s1c1R6RmhRa1ZOVVZneU9VaHVRVkJOTVRRdmJreGtSRmxhVDNWaVMxSnNaQzhyVUdwWlFYcHNUa1JuUm5OUWNUWlFXVXd4VmpVd1IxVk1NSGRHU1ZCd1dqSnhaRlJRZW5GVVRsaGlSSEZSVERObk0waFBjRzVOWTBaTVVFRjNVRWxNZUhkdlptVlBSV0o2UjJOQ2FuZFJMMWt5Ym0xcmRqUXJPSGxUZW5ObWRERjFieko2WkdKc2VXWmpLM2RPVGxscVJGZ3lUblJXUlhwVmJIUnNWMnBGTDNsVFVpdEtWVlZ4YjJ0SGIxcFhiMWczVFZCNFNEVkxUVUZzVlVKSmFUTjJTM0JZYVZacGVHOU5iVkZGZUhCT1ZUZExVM2h4YmtsalpYUXdNVEJaUTNkbldHdHRhVlZFYkROcFltczBjbHB0TWxCRlFteDBNSE5PUW1GVVFVVmtVamxRUVdWaGNEUklNMGRtU1dkV05HMVFjM1F6WkZOQk9FNXRlSEpFYkM5RmIzRnBka1p4WTB4QmJraFhkMEp6ZFhGSGJ6bHhWMHhXY0VsbU5IbHBXakU0VFRCNFJHVnliMWR4TkZkcVVVZ3ZkMDV6WkVWblNHeGtMM1ZVVG0wdlFqZHBkSEV3U21kWFNEZDRSbTFzZURSNmFtdG9hSFZrTHpGVmNtdFJjV1pFUVhwRFNYVTBRMFJqVTJ4VlZrNVZja2RzUXpRNFNGUjVRM0oxZFhWemJFZHNObFZaVHpkckx6RlFOSEp6TTFKeE5HRkdUVTlrYTFoclRrUmpZa1ZLU0RCUmRVbHdhVWc1WjNwVlIzaG5aV3AxYTJNNFpsQmxhRWxxUjBaVWFFZHRNMkZxVlN0aVZWRkdOak5SV0haWk0xb3JXVkZwYVRKTFQwdzFiMEpaT0ZacU9ITjJWSEV4VldsTFQxcFdlVFZJTVZRNVJFZDNjWHBoYzFWV2FuWkNhRUl6VVdKTGIwd3ZSRkJUVjFCbk5IcHlUR0o2ZG5samQxSkhVRFpPUW5nM1JUYzRkeTkyU1U1TGNXd3dTVmxTT1ZSTk9FZGxNWHB3UzBoelNUWnVMMnc0YjFwV2IwVlFkR2d2UW1Ob1ZEZDZiWFJNV21FM2RDdEZTMHcwZEhwbldHMUhiMnhXVm0xRVprODVVR2hSYzNCSmEwbE9SVDBpTENKa1lYUmhhMlY1SWpvaVFWRkZRa0ZJYUV4NWFubzNVRXBGVUcxWlluRklOa0UyWmk5M1YwNTZlWG8xUWt0aE16ZENia0pRYzBGNWRVWXhTMUZCUVVGSU5IZG1RVmxLUzI5YVNXaDJZMDVCVVdOSGIwYzRkMkpSU1VKQlJFSnZRbWRyY1docmFVYzVkekJDUW5kRmQwaG5XVXBaU1ZwSlFWZFZSRUpCUlhWTlFrVkZSRTFLVmtWR1NITnNTVXhJUVVrNFVsTlJTVUpGU1VFM2JubEtiMUIzTVcxUGRsZHpPVzFTVTB0eGRHUm9WbE5OWjNJMmFEVnNibE52YVRaYUx6UTRSRXh2UkRjMlEzVk1USEF2T1VkdlYxRnpRMVkwVTFaRFpqbG1NR1ZwV1doVFJUWk9lVGRKUVQwaUxDSjJaWEp6YVc5dUlqb2lNaUlzSW5SNWNHVWlPaUpFUVZSQlgwdEZXU0lzSW1WNGNHbHlZWFJwYjI0aU9qRTJPVE0zTmpBME1qUjk=",
            "expires_at": "2023-09-03T17:00:24Z",
            "id": "ap-southeast-2",
            "password": "eyJwYXlsb2FkIjoieGxQTXB2SkxmVDZZNHQvUnpnaE9heHhkQW13TGlkL0VTU1ZwR0RrNndBbVR3NVpWRFM3Wi9JQW5MTEdoQUVXcUkvUDkzMW10SW5NcEVCbGcxZTlESkJiQTBQMTJqb0R4anBmZEdvTGx1VHZJK29aSUhYQXZzZCtEU1QzQUd5emRETW5TeXlGK3JzYWF0OHFCMEdiMUx1eHJydGZyTjd2Z0p6YnFvU1o3VkVFbFRBVlJEZHdFVElsMEJNM2tDTG4wQ1BaVFN2MllUNTM3aGpmQWQ4MUl4OSt6NlMxQXdrWHVJM3g2cXhsemE0ckk5NkZGR3A4S3dsb3RBaGg4b3lYazlNZHpvcnR4RWxZUkFXTkh6Q2ZVK3NGQWdEUHVBYUdpSXJvdkRrVDh2UjBYc0pLalF3eGZkQSswOWJPMGtaY1puRW5HQm1WWTFOb0hBeHNYTUwxaW5OWGh4cnVLNzFLTHJ1TE85cVlxa2VKSUs3MHQvSmFON3dLSHplNmdYWkRqZndxUlBsWmNCL0VzaEo2Sk5sTzFhQkVNUVgyOUhuQVBNMTQvbkxkRFlaT3ViS1JsZC8rUGpZQXpsTkRnRnNQcTZQWUwxVjUwR1VMMHdGSVBwWjJxZFRQenFUTlhiRHFRTDNnM0hPcG5NY0ZMUEF3UElMeHdvZmVPRWJ6R2NCandRL1kybm1rdjQrOHlTenNmdDF1bzJ6ZGJseWZjK3dOTllqRFgyTnRWRXpVbHRsV2pFL3lTUitKVVVxb2tHb1pXb1g3TVB4SDVLTUFsVUJJaTN2S3BYaVZpeG9NbVFFeHBOVTdLU3hxbkljZXQwMTBZQ3dnWGttaVVEbDNpYms0clptMlBFQmx0MHNOQmFUQUVkUjlQQWVhcDRIM0dmSWdWNG1Qc3QzZFNBOE5teHJEbC9Fb3FpdkZxY0xBbkhXd0JzdXFHbzlxV0xWcElmNHlpWjE4TTB4RGVyb1dxNFdqUUgvd05zZEVnSGxkL3VUTm0vQjdpdHEwSmdXSDd4Rm1seDR6amtoaHVkLzFVcmtRcWZEQXpDSXU0Q0RjU2xVVk5VckdsQzQ4SFR5Q3J1dXVzbEdsNlVZTzdrLzFQNHJzM1JxNGFGTU9ka1hrTkRjYkVKSDBRdUlwaUg5Z3pVR3hnZWp1a2M4ZlBlaElqR0ZUaEdtM2FqVStiVVFGNjNRWHZZM1orWVFpaTJLT0w1b0JZOFZqOHN2VHExVWlLT1pWeTVIMVQ5REd3cXphc1VWanZCaEIzUWJLb0wvRFBTV1BnNHpyTGJ6dnljd1JHUDZOQng3RTc4dy92SU5LcWwwSVlSOVRNOEdlMXpwS0hzSTZuL2w4b1pWb0VQdGgvQmNoVDd6bXRMWmE3dCtFS0w0dHpnWG1Hb2xWVm1EZk85UGhRc3BJa0lORT0iLCJkYXRha2V5IjoiQVFFQkFIaEx5ano3UEpFUG1ZYnFINkE2Zi93V056eXo1QkthMzdCbkJQc0F5dUYxS1FBQUFINHdmQVlKS29aSWh2Y05BUWNHb0c4d2JRSUJBREJvQmdrcWhraUc5dzBCQndFd0hnWUpZSVpJQVdVREJBRXVNQkVFRE1KVkVGSHNsSUxIQUk4UlNRSUJFSUE3bnlKb1B3MW1PdldzOW1SU0txdGRoVlNNZ3I2aDVsblNvaTZaLzQ4RExvRDc2Q3VMTHAvOUdvV1FzQ1Y0U1ZDZjlmMGVpWWhTRTZOeTdJQT0iLCJ2ZXJzaW9uIjoiMiIsInR5cGUiOiJEQVRBX0tFWSIsImV4cGlyYXRpb24iOjE2OTM3NjA0MjR9",
            "proxy_endpoint": "https://291208963174.dkr.ecr.ap-southeast-2.amazonaws.com",
            "registry_id": null,
            "user_name": "AWS"
          },
          "sensitive_attributes": []
        }
      ]
    },
    {
      "mode": "data",
      "type": "aws_iam_policy_document",
      "name": "this",
      "provider": "provider[\"registry.terraform.io/hashicorp/aws\"]",
      "instances": [
        {
          "schema_version": 0,
          "attributes": {
            "id": "320642683",
            "json": "{\n  \"Version\": \"2012-10-17\",\n  \"Statement\": [\n    {\n      \"Sid\": \"\",\n      \"Effect\": \"Allow\",\n      \"Action\": \"sts:AssumeRole\",\n      \"Principal\": {\n        \"Service\": \"ecs-tasks.amazonaws.com\"\n      }\n    }\n  ]\n}",
            "override_json": null,
            "override_policy_documents": null,
            "policy_id": null,
            "source_json": null,
            "source_policy_documents": null,
            "statement": [
              {
                "actions": [
                  "sts:AssumeRole"
                ],
                "condition": [],
                "effect": "Allow",
                "not_actions": [],
                "not_principals": [],
                "not_resources": [],
                "principals": [
                  {
                    "identifiers": [
                      "ecs-tasks.amazonaws.com"
                    ],
                    "type": "Service"
                  }
                ],
                "resources": [],
                "sid": ""
              }
            ],
            "version": "2012-10-17"
          },
          "sensitive_attributes": []
        }
      ]
    },
    {
      "mode": "data",
      "type": "aws_region",
      "name": "this",
      "provider": "provider[\"registry.terraform.io/hashicorp/aws\"]",
      "instances": [
        {
          "schema_version": 0,
          "attributes": {
            "description": "Asia Pacific (Sydney)",
            "endpoint": "ec2.ap-southeast-2.amazonaws.com",
            "id": "ap-southeast-2",
            "name": "ap-southeast-2"
          },
          "sensitive_attributes": []
        }
      ]
    },
    {
      "mode": "managed",
      "type": "aws_appautoscaling_policy",
      "name": "ecs_policy_alb",
      "provider": "provider[\"registry.terraform.io/hashicorp/aws\"]",
      "instances": []
    },
    {
      "mode": "managed",
      "type": "aws_appautoscaling_policy",
      "name": "ecs_policy_cpu",
      "provider": "provider[\"registry.terraform.io/hashicorp/aws\"]",
      "instances": []
    },
    {
      "mode": "managed",
      "type": "aws_appautoscaling_policy",
      "name": "ecs_policy_memory",
      "provider": "provider[\"registry.terraform.io/hashicorp/aws\"]",
      "instances": []
    },
    {
      "mode": "managed",
      "type": "aws_appautoscaling_scheduled_action",
      "name": "scale_service_in",
      "provider": "provider[\"registry.terraform.io/hashicorp/aws\"]",
      "instances": []
    },
    {
      "mode": "managed",
      "type": "aws_appautoscaling_scheduled_action",
      "name": "scale_service_out",
      "provider": "provider[\"registry.terraform.io/hashicorp/aws\"]",
      "instances": []
    },
    {
      "mode": "managed",
      "type": "aws_appautoscaling_target",
      "name": "ecs_target",
      "provider": "provider[\"registry.terraform.io/hashicorp/aws\"]",
      "instances": []
    },
    {
      "mode": "managed",
      "type": "aws_cloudwatch_log_group",
      "name": "log_group",
      "provider": "provider[\"registry.terraform.io/hashicorp/aws\"]",
      "instances": [
        {
          "schema_version": 0,
          "attributes": {
            "arn": "arn:aws:logs:ap-southeast-2:291208963174:log-group:example-terraform-ecs-logs",
            "id": "example-terraform-ecs-logs",
            "kms_key_id": "",
            "name": "example-terraform-ecs-logs",
            "name_prefix": "",
            "retention_in_days": 0,
            "skip_destroy": false,
            "tags": {},
            "tags_all": {
              "example": "example-terraform-ecs"
            }
          },
          "sensitive_attributes": [],
          "private": "bnVsbA=="
        }
      ]
    },
    {
      "mode": "managed",
      "type": "aws_ecr_lifecycle_policy",
      "name": "this",
      "provider": "provider[\"registry.terraform.io/hashicorp/aws\"]",
      "instances": [
        {
          "schema_version": 0,
          "attributes": {
            "id": "example-terraform-ecs",
            "policy": "{\"rules\":[{\"action\":{\"type\":\"expire\"},\"description\":\"Delete all images except a handful of the newest images\",\"rulePriority\":1,\"selection\":{\"countNumber\":3,\"countType\":\"imageCountMoreThan\",\"tagStatus\":\"any\"}}]}",
            "registry_id": "291208963174",
            "repository": "example-terraform-ecs"
          },
          "sensitive_attributes": [],
          "private": "bnVsbA==",
          "dependencies": [
            "aws_ecr_repository.this"
          ]
        }
      ]
    },
    {
      "mode": "managed",
      "type": "aws_ecr_repository",
      "name": "this",
      "provider": "provider[\"registry.terraform.io/hashicorp/aws\"]",
      "instances": [
        {
          "schema_version": 0,
          "attributes": {
            "arn": "arn:aws:ecr:ap-southeast-2:291208963174:repository/example-terraform-ecs",
            "encryption_configuration": [
              {
                "encryption_type": "AES256",
                "kms_key": ""
              }
            ],
            "force_delete": true,
            "id": "example-terraform-ecs",
            "image_scanning_configuration": [
              {
                "scan_on_push": false
              }
            ],
            "image_tag_mutability": "MUTABLE",
            "name": "example-terraform-ecs",
            "registry_id": "291208963174",
            "repository_url": "291208963174.dkr.ecr.ap-southeast-2.amazonaws.com/example-terraform-ecs",
            "tags": {},
            "tags_all": {
              "example": "example-terraform-ecs"
            },
            "timeouts": null
          },
          "sensitive_attributes": [],
          "private": "eyJlMmJmYjczMC1lY2FhLTExZTYtOGY4OC0zNDM2M2JjN2M0YzAiOnsiZGVsZXRlIjoxMjAwMDAwMDAwMDAwfX0="
        }
      ]
    },
    {
      "mode": "managed",
      "type": "aws_ecs_cluster",
      "name": "this",
      "provider": "provider[\"registry.terraform.io/hashicorp/aws\"]",
      "instances": [
        {
          "schema_version": 0,
          "attributes": {
            "arn": "arn:aws:ecs:ap-southeast-2:291208963174:cluster/example-terraform-ecs-cluster",
            "capacity_providers": [
              "FARGATE"
            ],
            "configuration": [],
            "default_capacity_provider_strategy": [],
            "id": "arn:aws:ecs:ap-southeast-2:291208963174:cluster/example-terraform-ecs-cluster",
            "name": "example-terraform-ecs-cluster",
            "service_connect_defaults": [],
            "setting": [
              {
                "name": "containerInsights",
                "value": "disabled"
              }
            ],
            "tags": {},
            "tags_all": {
              "example": "example-terraform-ecs"
            }
          },
          "sensitive_attributes": [],
          "private": "bnVsbA=="
        }
      ]
    },
    {
      "mode": "managed",
      "type": "aws_ecs_cluster_capacity_providers",
      "name": "this",
      "provider": "provider[\"registry.terraform.io/hashicorp/aws\"]",
      "instances": [
        {
          "schema_version": 0,
          "attributes": {
            "capacity_providers": [
              "FARGATE"
            ],
            "cluster_name": "example-terraform-ecs-cluster",
            "default_capacity_provider_strategy": [],
            "id": "example-terraform-ecs-cluster"
          },
          "sensitive_attributes": [],
          "private": "bnVsbA==",
          "dependencies": [
            "aws_ecs_cluster.this"
          ]
        }
      ]
    },
    {
      "mode": "managed",
      "type": "aws_ecs_service",
      "name": "this",
      "provider": "provider[\"registry.terraform.io/hashicorp/aws\"]",
      "instances": []
    },
    {
      "mode": "managed",
      "type": "aws_ecs_task_definition",
      "name": "this",
      "provider": "provider[\"registry.terraform.io/hashicorp/aws\"]",
      "instances": []
    },
    {
      "mode": "managed",
      "type": "aws_eip",
      "name": "this",
      "provider": "provider[\"registry.terraform.io/hashicorp/aws\"]",
      "instances": [
        {
          "schema_version": 0,
          "attributes": {
            "address": null,
            "allocation_id": "eipalloc-01ec96444500f500a",
            "associate_with_private_ip": null,
            "association_id": "eipassoc-03440f27b755f6aad",
            "carrier_ip": "",
            "customer_owned_ip": "",
            "customer_owned_ipv4_pool": "",
            "domain": "vpc",
            "id": "eipalloc-01ec96444500f500a",
            "instance": "",
            "network_border_group": "ap-southeast-2",
            "network_interface": "eni-00f8e959ac390280f",
            "private_dns": "ip-10-0-0-100.ap-southeast-2.compute.internal",
            "private_ip": "10.0.0.100",
            "public_dns": "ec2-3-106-42-131.ap-southeast-2.compute.amazonaws.com",
            "public_ip": "3.106.42.131",
            "public_ipv4_pool": "amazon",
            "tags": {},
            "tags_all": {
              "example": "example-terraform-ecs"
            },
            "timeouts": null,
            "vpc": true
          },
          "sensitive_attributes": [],
          "private": "eyJlMmJmYjczMC1lY2FhLTExZTYtOGY4OC0zNDM2M2JjN2M0YzAiOnsiZGVsZXRlIjoxODAwMDAwMDAwMDAsInJlYWQiOjkwMDAwMDAwMDAwMCwidXBkYXRlIjozMDAwMDAwMDAwMDB9fQ=="
        }
      ]
    },
    {
      "mode": "managed",
      "type": "aws_iam_role",
      "name": "this",
      "provider": "provider[\"registry.terraform.io/hashicorp/aws\"]",
      "instances": [
        {
          "schema_version": 0,
          "attributes": {
            "arn": "arn:aws:iam::291208963174:role/terraform-20230903044347189800000001",
            "assume_role_policy": "{\"Statement\":[{\"Action\":\"sts:AssumeRole\",\"Effect\":\"Allow\",\"Principal\":{\"Service\":\"ecs-tasks.amazonaws.com\"},\"Sid\":\"\"}],\"Version\":\"2012-10-17\"}",
            "create_date": "2023-09-03T04:43:48Z",
            "description": "",
            "force_detach_policies": false,
            "id": "terraform-20230903044347189800000001",
            "inline_policy": [],
            "managed_policy_arns": [
              "arn:aws:iam::aws:policy/service-role/AmazonECSTaskExecutionRolePolicy"
            ],
            "max_session_duration": 3600,
            "name": "terraform-20230903044347189800000001",
            "name_prefix": "terraform-",
            "path": "/",
            "permissions_boundary": null,
            "role_last_used": [
              {
                "last_used_date": "",
                "region": ""
              }
            ],
            "tags": {},
            "tags_all": {
              "example": "example-terraform-ecs"
            },
            "unique_id": "AROAUHTLIERTF7V3LHWXB"
          },
          "sensitive_attributes": [],
          "private": "bnVsbA==",
          "dependencies": [
            "data.aws_iam_policy_document.this"
          ]
        }
      ]
    },
    {
      "mode": "managed",
      "type": "aws_iam_role_policy_attachment",
      "name": "default",
      "provider": "provider[\"registry.terraform.io/hashicorp/aws\"]",
      "instances": [
        {
          "schema_version": 0,
          "attributes": {
            "id": "terraform-20230903044347189800000001-20230903044349331700000003",
            "policy_arn": "arn:aws:iam::aws:policy/service-role/AmazonECSTaskExecutionRolePolicy",
            "role": "terraform-20230903044347189800000001"
          },
          "sensitive_attributes": [],
          "private": "bnVsbA==",
          "dependencies": [
            "aws_iam_role.this",
            "data.aws_iam_policy_document.this"
          ]
        }
      ]
    },
    {
      "mode": "managed",
      "type": "aws_internet_gateway",
      "name": "this",
      "provider": "provider[\"registry.terraform.io/hashicorp/aws\"]",
      "instances": [
        {
          "schema_version": 0,
          "attributes": {
            "arn": "arn:aws:ec2:ap-southeast-2:291208963174:internet-gateway/igw-0835ae9b0d94b0b82",
            "id": "igw-0835ae9b0d94b0b82",
            "owner_id": "291208963174",
            "tags": {},
            "tags_all": {
              "example": "example-terraform-ecs"
            },
            "timeouts": null,
            "vpc_id": "vpc-07533465c6e4cfd0d"
          },
          "sensitive_attributes": [],
          "private": "eyJlMmJmYjczMC1lY2FhLTExZTYtOGY4OC0zNDM2M2JjN2M0YzAiOnsiY3JlYXRlIjoxMjAwMDAwMDAwMDAwLCJkZWxldGUiOjEyMDAwMDAwMDAwMDAsInVwZGF0ZSI6MTIwMDAwMDAwMDAwMH19",
          "dependencies": [
            "aws_vpc.this"
          ]
        }
      ]
    },
    {
      "mode": "managed",
      "type": "aws_lb",
      "name": "this",
      "provider": "provider[\"registry.terraform.io/hashicorp/aws\"]",
      "instances": [
        {
          "schema_version": 0,
          "attributes": {
            "access_logs": [
              {
                "bucket": "",
                "enabled": false,
                "prefix": ""
              }
            ],
            "arn": "arn:aws:elasticloadbalancing:ap-southeast-2:291208963174:loadbalancer/app/tf-lb-20230903044350293600000004/1d4e76ddf89d432f",
            "arn_suffix": "app/tf-lb-20230903044350293600000004/1d4e76ddf89d432f",
            "customer_owned_ipv4_pool": "",
            "desync_mitigation_mode": "defensive",
            "dns_name": "tf-lb-20230903044350293600000004-1352919359.ap-southeast-2.elb.amazonaws.com",
            "drop_invalid_header_fields": false,
            "enable_cross_zone_load_balancing": true,
            "enable_deletion_protection": false,
            "enable_http2": true,
            "enable_tls_version_and_cipher_suite_headers": false,
            "enable_waf_fail_open": false,
            "enable_xff_client_port": false,
            "id": "arn:aws:elasticloadbalancing:ap-southeast-2:291208963174:loadbalancer/app/tf-lb-20230903044350293600000004/1d4e76ddf89d432f",
            "idle_timeout": 60,
            "internal": false,
            "ip_address_type": "ipv4",
            "load_balancer_type": "application",
            "name": "tf-lb-20230903044350293600000004",
            "name_prefix": null,
            "preserve_host_header": false,
            "security_groups": [
              "sg-0acdcfd6cd6656df6",
              "sg-0c5b93f6f91bdd4b0",
              "sg-0eeb80502f28d240a"
            ],
            "subnet_mapping": [
              {
                "allocation_id": "",
                "ipv6_address": "",
                "outpost_id": "",
                "private_ipv4_address": "",
                "subnet_id": "subnet-0701271d8bbe161f5"
              },
              {
                "allocation_id": "",
                "ipv6_address": "",
                "outpost_id": "",
                "private_ipv4_address": "",
                "subnet_id": "subnet-0d295b46db0b4979c"
              }
            ],
            "subnets": [
              "subnet-0701271d8bbe161f5",
              "subnet-0d295b46db0b4979c"
            ],
            "tags": {},
            "tags_all": {
              "example": "example-terraform-ecs"
            },
            "timeouts": null,
            "vpc_id": "vpc-07533465c6e4cfd0d",
            "xff_header_processing_mode": "append",
            "zone_id": "Z1GM3OXH4ZPM65"
          },
          "sensitive_attributes": [],
          "private": "eyJlMmJmYjczMC1lY2FhLTExZTYtOGY4OC0zNDM2M2JjN2M0YzAiOnsiY3JlYXRlIjo2MDAwMDAwMDAwMDAsImRlbGV0ZSI6NjAwMDAwMDAwMDAwLCJ1cGRhdGUiOjYwMDAwMDAwMDAwMH19",
          "dependencies": [
            "aws_internet_gateway.this",
            "aws_security_group.egress_all",
            "aws_security_group.http",
            "aws_security_group.https",
            "aws_subnet.public",
            "aws_vpc.this",
            "data.aws_availability_zones.available"
          ]
        }
      ]
    },
    {
      "mode": "managed",
      "type": "aws_lb_listener",
      "name": "this",
      "provider": "provider[\"registry.terraform.io/hashicorp/aws\"]",
      "instances": [
        {
          "schema_version": 0,
          "attributes": {
            "alpn_policy": null,
            "arn": "arn:aws:elasticloadbalancing:ap-southeast-2:291208963174:listener/app/tf-lb-20230903044350293600000004/1d4e76ddf89d432f/ace6fdb1a9f8eb96",
            "certificate_arn": null,
            "default_action": [
              {
                "authenticate_cognito": [],
                "authenticate_oidc": [],
                "fixed_response": [],
                "forward": [],
                "order": 1,
                "redirect": [],
                "target_group_arn": "arn:aws:elasticloadbalancing:ap-southeast-2:291208963174:targetgroup/tf-20230903044552007400000005/e992d5dae212f2c5",
                "type": "forward"
              }
            ],
            "id": "arn:aws:elasticloadbalancing:ap-southeast-2:291208963174:listener/app/tf-lb-20230903044350293600000004/1d4e76ddf89d432f/ace6fdb1a9f8eb96",
            "load_balancer_arn": "arn:aws:elasticloadbalancing:ap-southeast-2:291208963174:loadbalancer/app/tf-lb-20230903044350293600000004/1d4e76ddf89d432f",
            "port": 80,
            "protocol": "HTTP",
            "ssl_policy": "",
            "tags": {},
            "tags_all": {
              "example": "example-terraform-ecs"
            },
            "timeouts": null
          },
          "sensitive_attributes": [],
          "private": "eyJlMmJmYjczMC1lY2FhLTExZTYtOGY4OC0zNDM2M2JjN2M0YzAiOnsicmVhZCI6NjAwMDAwMDAwMDAwfX0=",
          "dependencies": [
            "aws_internet_gateway.this",
            "aws_lb.this",
            "aws_lb_target_group.this",
            "aws_security_group.egress_all",
            "aws_security_group.http",
            "aws_security_group.https",
            "aws_subnet.public",
            "aws_vpc.this",
            "data.aws_availability_zones.available"
          ]
        }
      ]
    },
    {
      "mode": "managed",
      "type": "aws_lb_target_group",
      "name": "this",
      "provider": "provider[\"registry.terraform.io/hashicorp/aws\"]",
      "instances": [
        {
          "schema_version": 0,
          "attributes": {
            "arn": "arn:aws:elasticloadbalancing:ap-southeast-2:291208963174:targetgroup/tf-20230903044552007400000005/e992d5dae212f2c5",
            "arn_suffix": "targetgroup/tf-20230903044552007400000005/e992d5dae212f2c5",
            "connection_termination": false,
            "deregistration_delay": "300",
            "health_check": [
              {
                "enabled": true,
                "healthy_threshold": 5,
                "interval": 30,
                "matcher": "200",
                "path": "/",
                "port": "traffic-port",
                "protocol": "HTTP",
                "timeout": 5,
                "unhealthy_threshold": 2
              }
            ],
            "id": "arn:aws:elasticloadbalancing:ap-southeast-2:291208963174:targetgroup/tf-20230903044552007400000005/e992d5dae212f2c5",
            "ip_address_type": "ipv4",
            "lambda_multi_value_headers_enabled": false,
            "load_balancing_algorithm_type": "round_robin",
            "load_balancing_cross_zone_enabled": "use_load_balancer_configuration",
            "name": "tf-20230903044552007400000005",
            "name_prefix": null,
            "port": 8080,
            "preserve_client_ip": null,
            "protocol": "HTTP",
            "protocol_version": "HTTP1",
            "proxy_protocol_v2": false,
            "slow_start": 0,
            "stickiness": [
              {
                "cookie_duration": 86400,
                "cookie_name": "",
                "enabled": false,
                "type": "lb_cookie"
              }
            ],
            "tags": {},
            "tags_all": {
              "example": "example-terraform-ecs"
            },
            "target_failover": [
              {
                "on_deregistration": null,
                "on_unhealthy": null
              }
            ],
            "target_type": "ip",
            "vpc_id": "vpc-07533465c6e4cfd0d"
          },
          "sensitive_attributes": [],
          "private": "bnVsbA==",
          "dependencies": [
            "aws_internet_gateway.this",
            "aws_lb.this",
            "aws_security_group.egress_all",
            "aws_security_group.http",
            "aws_security_group.https",
            "aws_subnet.public",
            "aws_vpc.this",
            "data.aws_availability_zones.available"
          ]
        }
      ]
    },
    {
      "mode": "managed",
      "type": "aws_nat_gateway",
      "name": "this",
      "provider": "provider[\"registry.terraform.io/hashicorp/aws\"]",
      "instances": [
        {
          "schema_version": 0,
          "attributes": {
            "allocation_id": "eipalloc-01ec96444500f500a",
            "association_id": "eipassoc-03440f27b755f6aad",
            "connectivity_type": "public",
            "id": "nat-04fbadbe2b0c6c7cf",
            "network_interface_id": "eni-00f8e959ac390280f",
            "private_ip": "10.0.0.100",
            "public_ip": "3.106.42.131",
            "subnet_id": "subnet-0701271d8bbe161f5",
            "tags": {},
            "tags_all": {
              "example": "example-terraform-ecs"
            }
          },
          "sensitive_attributes": [],
          "private": "bnVsbA==",
          "dependencies": [
            "aws_eip.this",
            "aws_internet_gateway.this",
            "aws_subnet.public",
            "aws_vpc.this",
            "data.aws_availability_zones.available"
          ]
        }
      ]
    },
    {
      "mode": "managed",
      "type": "aws_route",
      "name": "private",
      "provider": "provider[\"registry.terraform.io/hashicorp/aws\"]",
      "instances": [
        {
          "schema_version": 0,
          "attributes": {
            "carrier_gateway_id": "",
            "core_network_arn": "",
            "destination_cidr_block": "0.0.0.0/0",
            "destination_ipv6_cidr_block": "",
            "destination_prefix_list_id": "",
            "egress_only_gateway_id": "",
            "gateway_id": "",
            "id": "r-rtb-0b544f9d2ac6831e11080289494",
            "instance_id": "",
            "instance_owner_id": "",
            "local_gateway_id": "",
            "nat_gateway_id": "nat-04fbadbe2b0c6c7cf",
            "network_interface_id": "",
            "origin": "CreateRoute",
            "route_table_id": "rtb-0b544f9d2ac6831e1",
            "state": "active",
            "timeouts": null,
            "transit_gateway_id": "",
            "vpc_endpoint_id": "",
            "vpc_peering_connection_id": ""
          },
          "sensitive_attributes": [],
          "private": "eyJlMmJmYjczMC1lY2FhLTExZTYtOGY4OC0zNDM2M2JjN2M0YzAiOnsiY3JlYXRlIjozMDAwMDAwMDAwMDAsImRlbGV0ZSI6MzAwMDAwMDAwMDAwLCJ1cGRhdGUiOjEyMDAwMDAwMDAwMH19",
          "dependencies": [
            "aws_eip.this",
            "aws_internet_gateway.this",
            "aws_nat_gateway.this",
            "aws_route_table.private",
            "aws_subnet.public",
            "aws_vpc.this",
            "data.aws_availability_zones.available"
          ]
        }
      ]
    },
    {
      "mode": "managed",
      "type": "aws_route",
      "name": "public",
      "provider": "provider[\"registry.terraform.io/hashicorp/aws\"]",
      "instances": [
        {
          "schema_version": 0,
          "attributes": {
            "carrier_gateway_id": "",
            "core_network_arn": "",
            "destination_cidr_block": "0.0.0.0/0",
            "destination_ipv6_cidr_block": "",
            "destination_prefix_list_id": "",
            "egress_only_gateway_id": "",
            "gateway_id": "igw-0835ae9b0d94b0b82",
            "id": "r-rtb-0ba04f61f3e150c181080289494",
            "instance_id": "",
            "instance_owner_id": "",
            "local_gateway_id": "",
            "nat_gateway_id": "",
            "network_interface_id": "",
            "origin": "CreateRoute",
            "route_table_id": "rtb-0ba04f61f3e150c18",
            "state": "active",
            "timeouts": null,
            "transit_gateway_id": "",
            "vpc_endpoint_id": "",
            "vpc_peering_connection_id": ""
          },
          "sensitive_attributes": [],
          "private": "eyJlMmJmYjczMC1lY2FhLTExZTYtOGY4OC0zNDM2M2JjN2M0YzAiOnsiY3JlYXRlIjozMDAwMDAwMDAwMDAsImRlbGV0ZSI6MzAwMDAwMDAwMDAwLCJ1cGRhdGUiOjEyMDAwMDAwMDAwMH19",
          "dependencies": [
            "aws_internet_gateway.this",
            "aws_route_table.public",
            "aws_vpc.this"
          ]
        }
      ]
    },
    {
      "mode": "managed",
      "type": "aws_route_table",
      "name": "private",
      "provider": "provider[\"registry.terraform.io/hashicorp/aws\"]",
      "instances": [
        {
          "schema_version": 0,
          "attributes": {
            "arn": "arn:aws:ec2:ap-southeast-2:291208963174:route-table/rtb-0b544f9d2ac6831e1",
            "id": "rtb-0b544f9d2ac6831e1",
            "owner_id": "291208963174",
            "propagating_vgws": [],
            "route": [
              {
                "carrier_gateway_id": "",
                "cidr_block": "0.0.0.0/0",
                "core_network_arn": "",
                "destination_prefix_list_id": "",
                "egress_only_gateway_id": "",
                "gateway_id": "",
                "instance_id": "",
                "ipv6_cidr_block": "",
                "local_gateway_id": "",
                "nat_gateway_id": "nat-04fbadbe2b0c6c7cf",
                "network_interface_id": "",
                "transit_gateway_id": "",
                "vpc_endpoint_id": "",
                "vpc_peering_connection_id": ""
              }
            ],
            "tags": {},
            "tags_all": {
              "example": "example-terraform-ecs"
            },
            "timeouts": null,
            "vpc_id": "vpc-07533465c6e4cfd0d"
          },
          "sensitive_attributes": [],
          "private": "eyJlMmJmYjczMC1lY2FhLTExZTYtOGY4OC0zNDM2M2JjN2M0YzAiOnsiY3JlYXRlIjozMDAwMDAwMDAwMDAsImRlbGV0ZSI6MzAwMDAwMDAwMDAwLCJ1cGRhdGUiOjEyMDAwMDAwMDAwMH19",
          "dependencies": [
            "aws_vpc.this"
          ]
        }
      ]
    },
    {
      "mode": "managed",
      "type": "aws_route_table",
      "name": "public",
      "provider": "provider[\"registry.terraform.io/hashicorp/aws\"]",
      "instances": [
        {
          "schema_version": 0,
          "attributes": {
            "arn": "arn:aws:ec2:ap-southeast-2:291208963174:route-table/rtb-0ba04f61f3e150c18",
            "id": "rtb-0ba04f61f3e150c18",
            "owner_id": "291208963174",
            "propagating_vgws": [],
            "route": [
              {
                "carrier_gateway_id": "",
                "cidr_block": "0.0.0.0/0",
                "core_network_arn": "",
                "destination_prefix_list_id": "",
                "egress_only_gateway_id": "",
                "gateway_id": "igw-0835ae9b0d94b0b82",
                "instance_id": "",
                "ipv6_cidr_block": "",
                "local_gateway_id": "",
                "nat_gateway_id": "",
                "network_interface_id": "",
                "transit_gateway_id": "",
                "vpc_endpoint_id": "",
                "vpc_peering_connection_id": ""
              }
            ],
            "tags": {},
            "tags_all": {
              "example": "example-terraform-ecs"
            },
            "timeouts": null,
            "vpc_id": "vpc-07533465c6e4cfd0d"
          },
          "sensitive_attributes": [],
          "private": "eyJlMmJmYjczMC1lY2FhLTExZTYtOGY4OC0zNDM2M2JjN2M0YzAiOnsiY3JlYXRlIjozMDAwMDAwMDAwMDAsImRlbGV0ZSI6MzAwMDAwMDAwMDAwLCJ1cGRhdGUiOjEyMDAwMDAwMDAwMH19",
          "dependencies": [
            "aws_vpc.this"
          ]
        }
      ]
    },
    {
      "mode": "managed",
      "type": "aws_route_table_association",
      "name": "private",
      "provider": "provider[\"registry.terraform.io/hashicorp/aws\"]",
      "instances": [
        {
          "index_key": "0",
          "schema_version": 0,
          "attributes": {
            "gateway_id": "",
            "id": "rtbassoc-02203250e59eee00e",
            "route_table_id": "rtb-0b544f9d2ac6831e1",
            "subnet_id": "subnet-0fa98a58876f17947",
            "timeouts": null
          },
          "sensitive_attributes": [],
          "private": "eyJlMmJmYjczMC1lY2FhLTExZTYtOGY4OC0zNDM2M2JjN2M0YzAiOnsiY3JlYXRlIjozMDAwMDAwMDAwMDAsImRlbGV0ZSI6MzAwMDAwMDAwMDAwLCJ1cGRhdGUiOjEyMDAwMDAwMDAwMH19",
          "dependencies": [
            "aws_route_table.private",
            "aws_subnet.private",
            "aws_subnet.public",
            "aws_vpc.this",
            "data.aws_availability_zones.available"
          ]
        },
        {
          "index_key": "1",
          "schema_version": 0,
          "attributes": {
            "gateway_id": "",
            "id": "rtbassoc-04282bf8123bd8c8b",
            "route_table_id": "rtb-0b544f9d2ac6831e1",
            "subnet_id": "subnet-0e4c446b48aa778bf",
            "timeouts": null
          },
          "sensitive_attributes": [],
          "private": "eyJlMmJmYjczMC1lY2FhLTExZTYtOGY4OC0zNDM2M2JjN2M0YzAiOnsiY3JlYXRlIjozMDAwMDAwMDAwMDAsImRlbGV0ZSI6MzAwMDAwMDAwMDAwLCJ1cGRhdGUiOjEyMDAwMDAwMDAwMH19",
          "dependencies": [
            "aws_route_table.private",
            "aws_subnet.private",
            "aws_subnet.public",
            "aws_vpc.this",
            "data.aws_availability_zones.available"
          ]
        }
      ]
    },
    {
      "mode": "managed",
      "type": "aws_route_table_association",
      "name": "public",
      "provider": "provider[\"registry.terraform.io/hashicorp/aws\"]",
      "instances": [
        {
          "index_key": "0",
          "schema_version": 0,
          "attributes": {
            "gateway_id": "",
            "id": "rtbassoc-055ae26b918bc082d",
            "route_table_id": "rtb-0ba04f61f3e150c18",
            "subnet_id": "subnet-0701271d8bbe161f5",
            "timeouts": null
          },
          "sensitive_attributes": [],
          "private": "eyJlMmJmYjczMC1lY2FhLTExZTYtOGY4OC0zNDM2M2JjN2M0YzAiOnsiY3JlYXRlIjozMDAwMDAwMDAwMDAsImRlbGV0ZSI6MzAwMDAwMDAwMDAwLCJ1cGRhdGUiOjEyMDAwMDAwMDAwMH19",
          "dependencies": [
            "aws_route_table.public",
            "aws_subnet.public",
            "aws_vpc.this",
            "data.aws_availability_zones.available"
          ]
        },
        {
          "index_key": "1",
          "schema_version": 0,
          "attributes": {
            "gateway_id": "",
            "id": "rtbassoc-0b007e112a2c79e20",
            "route_table_id": "rtb-0ba04f61f3e150c18",
            "subnet_id": "subnet-0d295b46db0b4979c",
            "timeouts": null
          },
          "sensitive_attributes": [],
          "private": "eyJlMmJmYjczMC1lY2FhLTExZTYtOGY4OC0zNDM2M2JjN2M0YzAiOnsiY3JlYXRlIjozMDAwMDAwMDAwMDAsImRlbGV0ZSI6MzAwMDAwMDAwMDAwLCJ1cGRhdGUiOjEyMDAwMDAwMDAwMH19",
          "dependencies": [
            "aws_route_table.public",
            "aws_subnet.public",
            "aws_vpc.this",
            "data.aws_availability_zones.available"
          ]
        }
      ]
    },
    {
      "mode": "managed",
      "type": "aws_security_group",
      "name": "egress_all",
      "provider": "provider[\"registry.terraform.io/hashicorp/aws\"]",
      "instances": [
        {
          "schema_version": 1,
          "attributes": {
            "arn": "arn:aws:ec2:ap-southeast-2:291208963174:security-group/sg-0eeb80502f28d240a",
            "description": "Permit all outgoing traffic",
            "egress": [
              {
                "cidr_blocks": [
                  "0.0.0.0/0"
                ],
                "description": "",
                "from_port": 0,
                "ipv6_cidr_blocks": [],
                "prefix_list_ids": [],
                "protocol": "-1",
                "security_groups": [],
                "self": false,
                "to_port": 0
              }
            ],
            "id": "sg-0eeb80502f28d240a",
            "ingress": [],
            "name": "egress-all",
            "name_prefix": "",
            "owner_id": "291208963174",
            "revoke_rules_on_delete": false,
            "tags": {},
            "tags_all": {
              "example": "example-terraform-ecs"
            },
            "timeouts": null,
            "vpc_id": "vpc-07533465c6e4cfd0d"
          },
          "sensitive_attributes": [],
          "private": "eyJlMmJmYjczMC1lY2FhLTExZTYtOGY4OC0zNDM2M2JjN2M0YzAiOnsiY3JlYXRlIjo2MDAwMDAwMDAwMDAsImRlbGV0ZSI6OTAwMDAwMDAwMDAwfSwic2NoZW1hX3ZlcnNpb24iOiIxIn0=",
          "dependencies": [
            "aws_vpc.this"
          ]
        }
      ]
    },
    {
      "mode": "managed",
      "type": "aws_security_group",
      "name": "http",
      "provider": "provider[\"registry.terraform.io/hashicorp/aws\"]",
      "instances": [
        {
          "schema_version": 1,
          "attributes": {
            "arn": "arn:aws:ec2:ap-southeast-2:291208963174:security-group/sg-0acdcfd6cd6656df6",
            "description": "Permit incoming HTTP traffic",
            "egress": [],
            "id": "sg-0acdcfd6cd6656df6",
            "ingress": [
              {
                "cidr_blocks": [
                  "0.0.0.0/0"
                ],
                "description": "",
                "from_port": 80,
                "ipv6_cidr_blocks": [],
                "prefix_list_ids": [],
                "protocol": "tcp",
                "security_groups": [],
                "self": false,
                "to_port": 80
              }
            ],
            "name": "http",
            "name_prefix": "",
            "owner_id": "291208963174",
            "revoke_rules_on_delete": false,
            "tags": {},
            "tags_all": {
              "example": "example-terraform-ecs"
            },
            "timeouts": null,
            "vpc_id": "vpc-07533465c6e4cfd0d"
          },
          "sensitive_attributes": [],
          "private": "eyJlMmJmYjczMC1lY2FhLTExZTYtOGY4OC0zNDM2M2JjN2M0YzAiOnsiY3JlYXRlIjo2MDAwMDAwMDAwMDAsImRlbGV0ZSI6OTAwMDAwMDAwMDAwfSwic2NoZW1hX3ZlcnNpb24iOiIxIn0=",
          "dependencies": [
            "aws_vpc.this"
          ]
        }
      ]
    },
    {
      "mode": "managed",
      "type": "aws_security_group",
      "name": "https",
      "provider": "provider[\"registry.terraform.io/hashicorp/aws\"]",
      "instances": [
        {
          "schema_version": 1,
          "attributes": {
            "arn": "arn:aws:ec2:ap-southeast-2:291208963174:security-group/sg-0c5b93f6f91bdd4b0",
            "description": "Permit incoming HTTPS traffic",
            "egress": [],
            "id": "sg-0c5b93f6f91bdd4b0",
            "ingress": [
              {
                "cidr_blocks": [
                  "0.0.0.0/0"
                ],
                "description": "",
                "from_port": 443,
                "ipv6_cidr_blocks": [],
                "prefix_list_ids": [],
                "protocol": "tcp",
                "security_groups": [],
                "self": false,
                "to_port": 443
              }
            ],
            "name": "https",
            "name_prefix": "",
            "owner_id": "291208963174",
            "revoke_rules_on_delete": false,
            "tags": {},
            "tags_all": {
              "example": "example-terraform-ecs"
            },
            "timeouts": null,
            "vpc_id": "vpc-07533465c6e4cfd0d"
          },
          "sensitive_attributes": [],
          "private": "eyJlMmJmYjczMC1lY2FhLTExZTYtOGY4OC0zNDM2M2JjN2M0YzAiOnsiY3JlYXRlIjo2MDAwMDAwMDAwMDAsImRlbGV0ZSI6OTAwMDAwMDAwMDAwfSwic2NoZW1hX3ZlcnNpb24iOiIxIn0=",
          "dependencies": [
            "aws_vpc.this"
          ]
        }
      ]
    },
    {
      "mode": "managed",
      "type": "aws_security_group",
      "name": "ingress_api",
      "provider": "provider[\"registry.terraform.io/hashicorp/aws\"]",
      "instances": [
        {
          "schema_version": 1,
          "attributes": {
            "arn": "arn:aws:ec2:ap-southeast-2:291208963174:security-group/sg-05c210bc5d96a989f",
            "description": "Permit some incoming traffic",
            "egress": [],
            "id": "sg-05c210bc5d96a989f",
            "ingress": [
              {
                "cidr_blocks": [
                  "0.0.0.0/0"
                ],
                "description": "",
                "from_port": 3000,
                "ipv6_cidr_blocks": [],
                "prefix_list_ids": [],
                "protocol": "tcp",
                "security_groups": [],
                "self": false,
                "to_port": 3000
              }
            ],
            "name": "ingress-esc-service",
            "name_prefix": "",
            "owner_id": "291208963174",
            "revoke_rules_on_delete": false,
            "tags": {},
            "tags_all": {
              "example": "example-terraform-ecs"
            },
            "timeouts": null,
            "vpc_id": "vpc-07533465c6e4cfd0d"
          },
          "sensitive_attributes": [],
          "private": "eyJlMmJmYjczMC1lY2FhLTExZTYtOGY4OC0zNDM2M2JjN2M0YzAiOnsiY3JlYXRlIjo2MDAwMDAwMDAwMDAsImRlbGV0ZSI6OTAwMDAwMDAwMDAwfSwic2NoZW1hX3ZlcnNpb24iOiIxIn0=",
          "dependencies": [
            "aws_vpc.this"
          ]
        }
      ]
    },
    {
      "mode": "managed",
      "type": "aws_subnet",
      "name": "private",
      "provider": "provider[\"registry.terraform.io/hashicorp/aws\"]",
      "instances": [
        {
          "index_key": 0,
          "schema_version": 1,
          "attributes": {
            "arn": "arn:aws:ec2:ap-southeast-2:291208963174:subnet/subnet-0fa98a58876f17947",
            "assign_ipv6_address_on_creation": false,
            "availability_zone": "ap-southeast-2a",
            "availability_zone_id": "apse2-az1",
            "cidr_block": "10.0.2.0/24",
            "customer_owned_ipv4_pool": "",
            "enable_dns64": false,
            "enable_lni_at_device_index": 0,
            "enable_resource_name_dns_a_record_on_launch": false,
            "enable_resource_name_dns_aaaa_record_on_launch": false,
            "id": "subnet-0fa98a58876f17947",
            "ipv6_cidr_block": "",
            "ipv6_cidr_block_association_id": "",
            "ipv6_native": false,
            "map_customer_owned_ip_on_launch": false,
            "map_public_ip_on_launch": false,
            "outpost_arn": "",
            "owner_id": "291208963174",
            "private_dns_hostname_type_on_launch": "ip-name",
            "tags": {},
            "tags_all": {
              "example": "example-terraform-ecs"
            },
            "timeouts": null,
            "vpc_id": "vpc-07533465c6e4cfd0d"
          },
          "sensitive_attributes": [],
          "private": "eyJlMmJmYjczMC1lY2FhLTExZTYtOGY4OC0zNDM2M2JjN2M0YzAiOnsiY3JlYXRlIjo2MDAwMDAwMDAwMDAsImRlbGV0ZSI6MTIwMDAwMDAwMDAwMH0sInNjaGVtYV92ZXJzaW9uIjoiMSJ9",
          "dependencies": [
            "aws_subnet.public",
            "aws_vpc.this",
            "data.aws_availability_zones.available"
          ]
        },
        {
          "index_key": 1,
          "schema_version": 1,
          "attributes": {
            "arn": "arn:aws:ec2:ap-southeast-2:291208963174:subnet/subnet-0e4c446b48aa778bf",
            "assign_ipv6_address_on_creation": false,
            "availability_zone": "ap-southeast-2b",
            "availability_zone_id": "apse2-az3",
            "cidr_block": "10.0.3.0/24",
            "customer_owned_ipv4_pool": "",
            "enable_dns64": false,
            "enable_lni_at_device_index": 0,
            "enable_resource_name_dns_a_record_on_launch": false,
            "enable_resource_name_dns_aaaa_record_on_launch": false,
            "id": "subnet-0e4c446b48aa778bf",
            "ipv6_cidr_block": "",
            "ipv6_cidr_block_association_id": "",
            "ipv6_native": false,
            "map_customer_owned_ip_on_launch": false,
            "map_public_ip_on_launch": false,
            "outpost_arn": "",
            "owner_id": "291208963174",
            "private_dns_hostname_type_on_launch": "ip-name",
            "tags": {},
            "tags_all": {
              "example": "example-terraform-ecs"
            },
            "timeouts": null,
            "vpc_id": "vpc-07533465c6e4cfd0d"
          },
          "sensitive_attributes": [],
          "private": "eyJlMmJmYjczMC1lY2FhLTExZTYtOGY4OC0zNDM2M2JjN2M0YzAiOnsiY3JlYXRlIjo2MDAwMDAwMDAwMDAsImRlbGV0ZSI6MTIwMDAwMDAwMDAwMH0sInNjaGVtYV92ZXJzaW9uIjoiMSJ9",
          "dependencies": [
            "aws_subnet.public",
            "aws_vpc.this",
            "data.aws_availability_zones.available"
          ]
        }
      ]
    },
    {
      "mode": "managed",
      "type": "aws_subnet",
      "name": "public",
      "provider": "provider[\"registry.terraform.io/hashicorp/aws\"]",
      "instances": [
        {
          "index_key": 0,
          "schema_version": 1,
          "attributes": {
            "arn": "arn:aws:ec2:ap-southeast-2:291208963174:subnet/subnet-0701271d8bbe161f5",
            "assign_ipv6_address_on_creation": false,
            "availability_zone": "ap-southeast-2a",
            "availability_zone_id": "apse2-az1",
            "cidr_block": "10.0.0.0/24",
            "customer_owned_ipv4_pool": "",
            "enable_dns64": false,
            "enable_lni_at_device_index": 0,
            "enable_resource_name_dns_a_record_on_launch": false,
            "enable_resource_name_dns_aaaa_record_on_launch": false,
            "id": "subnet-0701271d8bbe161f5",
            "ipv6_cidr_block": "",
            "ipv6_cidr_block_association_id": "",
            "ipv6_native": false,
            "map_customer_owned_ip_on_launch": false,
            "map_public_ip_on_launch": false,
            "outpost_arn": "",
            "owner_id": "291208963174",
            "private_dns_hostname_type_on_launch": "ip-name",
            "tags": {},
            "tags_all": {
              "example": "example-terraform-ecs"
            },
            "timeouts": null,
            "vpc_id": "vpc-07533465c6e4cfd0d"
          },
          "sensitive_attributes": [],
          "private": "eyJlMmJmYjczMC1lY2FhLTExZTYtOGY4OC0zNDM2M2JjN2M0YzAiOnsiY3JlYXRlIjo2MDAwMDAwMDAwMDAsImRlbGV0ZSI6MTIwMDAwMDAwMDAwMH0sInNjaGVtYV92ZXJzaW9uIjoiMSJ9",
          "dependencies": [
            "aws_vpc.this",
            "data.aws_availability_zones.available"
          ]
        },
        {
          "index_key": 1,
          "schema_version": 1,
          "attributes": {
            "arn": "arn:aws:ec2:ap-southeast-2:291208963174:subnet/subnet-0d295b46db0b4979c",
            "assign_ipv6_address_on_creation": false,
            "availability_zone": "ap-southeast-2b",
            "availability_zone_id": "apse2-az3",
            "cidr_block": "10.0.1.0/24",
            "customer_owned_ipv4_pool": "",
            "enable_dns64": false,
            "enable_lni_at_device_index": 0,
            "enable_resource_name_dns_a_record_on_launch": false,
            "enable_resource_name_dns_aaaa_record_on_launch": false,
            "id": "subnet-0d295b46db0b4979c",
            "ipv6_cidr_block": "",
            "ipv6_cidr_block_association_id": "",
            "ipv6_native": false,
            "map_customer_owned_ip_on_launch": false,
            "map_public_ip_on_launch": false,
            "outpost_arn": "",
            "owner_id": "291208963174",
            "private_dns_hostname_type_on_launch": "ip-name",
            "tags": {},
            "tags_all": {
              "example": "example-terraform-ecs"
            },
            "timeouts": null,
            "vpc_id": "vpc-07533465c6e4cfd0d"
          },
          "sensitive_attributes": [],
          "private": "eyJlMmJmYjczMC1lY2FhLTExZTYtOGY4OC0zNDM2M2JjN2M0YzAiOnsiY3JlYXRlIjo2MDAwMDAwMDAwMDAsImRlbGV0ZSI6MTIwMDAwMDAwMDAwMH0sInNjaGVtYV92ZXJzaW9uIjoiMSJ9",
          "dependencies": [
            "aws_vpc.this",
            "data.aws_availability_zones.available"
          ]
        }
      ]
    },
    {
      "mode": "managed",
      "type": "aws_vpc",
      "name": "this",
      "provider": "provider[\"registry.terraform.io/hashicorp/aws\"]",
      "instances": [
        {
          "schema_version": 1,
          "attributes": {
            "arn": "arn:aws:ec2:ap-southeast-2:291208963174:vpc/vpc-07533465c6e4cfd0d",
            "assign_generated_ipv6_cidr_block": false,
            "cidr_block": "10.0.0.0/16",
            "default_network_acl_id": "acl-0fdfae125b7772da6",
            "default_route_table_id": "rtb-0f2c52566b7d957a0",
            "default_security_group_id": "sg-011322ebdd40734cf",
            "dhcp_options_id": "dopt-0c00362e3fc2fd64b",
            "enable_classiclink": false,
            "enable_classiclink_dns_support": false,
            "enable_dns_hostnames": false,
            "enable_dns_support": true,
            "enable_network_address_usage_metrics": false,
            "id": "vpc-07533465c6e4cfd0d",
            "instance_tenancy": "default",
            "ipv4_ipam_pool_id": null,
            "ipv4_netmask_length": null,
            "ipv6_association_id": "",
            "ipv6_cidr_block": "",
            "ipv6_cidr_block_network_border_group": "",
            "ipv6_ipam_pool_id": "",
            "ipv6_netmask_length": 0,
            "main_route_table_id": "rtb-0f2c52566b7d957a0",
            "owner_id": "291208963174",
            "tags": {},
            "tags_all": {
              "example": "example-terraform-ecs"
            }
          },
          "sensitive_attributes": [],
          "private": "eyJzY2hlbWFfdmVyc2lvbiI6IjEifQ=="
        }
      ]
    },
    {
      "mode": "managed",
      "type": "docker_registry_image",
      "name": "this",
      "provider": "provider[\"registry.terraform.io/kreuzwerker/docker\"]",
      "instances": []
    }
  ],
  "check_results": null
}
